<?xml version="1.0" encoding="utf-8"?>
<Project ToolsVersion="17.0" xmlns="http://schemas.microsoft.com/developer/msbuild/2003">
  <ItemGroup>
    <CustomBuild Include="C:\Users\claud\Downloads\SFML-2.5.1-sources\SFML-2.5.1\sfml-build\CMakeFiles\d7aa2a2845c131a480185d24edf47a9e\INSTALL_force.rule">
      <Filter>CMake Rules</Filter>
    </CustomBuild>
  </ItemGroup>
  <ItemGroup>
    <Filter Include="CMake Rules">
      <UniqueIdentifier>{EF27C26A-0AA9-3379-A11E-B9F207EA5B3C}</UniqueIdentifier>
    </Filter>
  </ItemGroup>
</Project>
