
Microsoft Visual Studio Solution File, Format Version 12.00
# Visual Studio Version 17
Project("{8BC9CEB8-8B4A-11D0-8D11-00A0C91BC942}") = "ALL_BUILD", "ALL_BUILD.vcxproj", "{AFC84E34-642C-35E6-BB35-FFB6968AC314}"
	ProjectSection(ProjectDependencies) = postProject
		{9F6CD131-948C-3A46-9B1A-D6281BBFA15A} = {9F6CD131-948C-3A46-9B1A-D6281BBFA15A}
		{D3531CCB-A459-30F8-9E7E-DDB5D9E6927C} = {D3531CCB-A459-30F8-9E7E-DDB5D9E6927C}
		{D7B97DF5-45CC-35E9-93C4-5157912E98BE} = {D7B97DF5-45CC-35E9-93C4-5157912E98BE}
		{4F9AB341-490A-3765-BB4B-ECF322E17142} = {4F9AB341-490A-3765-BB4B-ECF322E17142}
		{F5C6F2D5-98F8-35BA-89C3-F5AD00B6051E} = {F5C6F2D5-98F8-35BA-89C3-F5AD00B6051E}
		{0B32F742-6C27-30A5-A48F-21AA28F26733} = {0B32F742-6C27-30A5-A48F-21AA28F26733}
		{15C0889B-5619-3160-882F-994DADA807E6} = {15C0889B-5619-3160-882F-994DADA807E6}
		{5AB4D450-2E0D-319B-A20E-9EAB325BA47D} = {5AB4D450-2E0D-319B-A20E-9EAB325BA47D}
	EndProjectSection
EndProject
Project("{8BC9CEB8-8B4A-11D0-8D11-00A0C91BC942}") = "OscDump", "OscDump.vcxproj", "{9F6CD131-948C-3A46-9B1A-D6281BBFA15A}"
	ProjectSection(ProjectDependencies) = postProject
		{15C0889B-5619-3160-882F-994DADA807E6} = {15C0889B-5619-3160-882F-994DADA807E6}
		{5AB4D450-2E0D-319B-A20E-9EAB325BA47D} = {5AB4D450-2E0D-319B-A20E-9EAB325BA47D}
	EndProjectSection
EndProject
Project("{8BC9CEB8-8B4A-11D0-8D11-00A0C91BC942}") = "OscReceiveTest", "OscReceiveTest.vcxproj", "{D3531CCB-A459-30F8-9E7E-DDB5D9E6927C}"
	ProjectSection(ProjectDependencies) = postProject
		{15C0889B-5619-3160-882F-994DADA807E6} = {15C0889B-5619-3160-882F-994DADA807E6}
		{5AB4D450-2E0D-319B-A20E-9EAB325BA47D} = {5AB4D450-2E0D-319B-A20E-9EAB325BA47D}
	EndProjectSection
EndProject
Project("{8BC9CEB8-8B4A-11D0-8D11-00A0C91BC942}") = "OscSendTests", "OscSendTests.vcxproj", "{D7B97DF5-45CC-35E9-93C4-5157912E98BE}"
	ProjectSection(ProjectDependencies) = postProject
		{15C0889B-5619-3160-882F-994DADA807E6} = {15C0889B-5619-3160-882F-994DADA807E6}
		{5AB4D450-2E0D-319B-A20E-9EAB325BA47D} = {5AB4D450-2E0D-319B-A20E-9EAB325BA47D}
	EndProjectSection
EndProject
Project("{8BC9CEB8-8B4A-11D0-8D11-00A0C91BC942}") = "OscUnitTests", "OscUnitTests.vcxproj", "{4F9AB341-490A-3765-BB4B-ECF322E17142}"
	ProjectSection(ProjectDependencies) = postProject
		{15C0889B-5619-3160-882F-994DADA807E6} = {15C0889B-5619-3160-882F-994DADA807E6}
		{5AB4D450-2E0D-319B-A20E-9EAB325BA47D} = {5AB4D450-2E0D-319B-A20E-9EAB325BA47D}
	EndProjectSection
EndProject
Project("{8BC9CEB8-8B4A-11D0-8D11-00A0C91BC942}") = "SimpleReceive", "SimpleReceive.vcxproj", "{F5C6F2D5-98F8-35BA-89C3-F5AD00B6051E}"
	ProjectSection(ProjectDependencies) = postProject
		{15C0889B-5619-3160-882F-994DADA807E6} = {15C0889B-5619-3160-882F-994DADA807E6}
		{5AB4D450-2E0D-319B-A20E-9EAB325BA47D} = {5AB4D450-2E0D-319B-A20E-9EAB325BA47D}
	EndProjectSection
EndProject
Project("{8BC9CEB8-8B4A-11D0-8D11-00A0C91BC942}") = "SimpleSend", "SimpleSend.vcxproj", "{0B32F742-6C27-30A5-A48F-21AA28F26733}"
	ProjectSection(ProjectDependencies) = postProject
		{15C0889B-5619-3160-882F-994DADA807E6} = {15C0889B-5619-3160-882F-994DADA807E6}
		{5AB4D450-2E0D-319B-A20E-9EAB325BA47D} = {5AB4D450-2E0D-319B-A20E-9EAB325BA47D}
	EndProjectSection
EndProject
Project("{8BC9CEB8-8B4A-11D0-8D11-00A0C91BC942}") = "ZERO_CHECK", "ZERO_CHECK.vcxproj", "{15C0889B-5619-3160-882F-994DADA807E6}"
	ProjectSection(ProjectDependencies) = postProject
	EndProjectSection
EndProject
Project("{8BC9CEB8-8B4A-11D0-8D11-00A0C91BC942}") = "oscpack", "oscpack.vcxproj", "{5AB4D450-2E0D-319B-A20E-9EAB325BA47D}"
	ProjectSection(ProjectDependencies) = postProject
		{15C0889B-5619-3160-882F-994DADA807E6} = {15C0889B-5619-3160-882F-994DADA807E6}
	EndProjectSection
EndProject
Global
	GlobalSection(SolutionConfigurationPlatforms) = preSolution
		Debug|x64 = Debug|x64
		Release|x64 = Release|x64
		MinSizeRel|x64 = MinSizeRel|x64
		RelWithDebInfo|x64 = RelWithDebInfo|x64
	EndGlobalSection
	GlobalSection(ProjectConfigurationPlatforms) = postSolution
		{AFC84E34-642C-35E6-BB35-FFB6968AC314}.Debug|x64.ActiveCfg = Debug|x64
		{AFC84E34-642C-35E6-BB35-FFB6968AC314}.Release|x64.ActiveCfg = Release|x64
		{AFC84E34-642C-35E6-BB35-FFB6968AC314}.MinSizeRel|x64.ActiveCfg = MinSizeRel|x64
		{AFC84E34-642C-35E6-BB35-FFB6968AC314}.RelWithDebInfo|x64.ActiveCfg = RelWithDebInfo|x64
		{9F6CD131-948C-3A46-9B1A-D6281BBFA15A}.Debug|x64.ActiveCfg = Debug|x64
		{9F6CD131-948C-3A46-9B1A-D6281BBFA15A}.Debug|x64.Build.0 = Debug|x64
		{9F6CD131-948C-3A46-9B1A-D6281BBFA15A}.Release|x64.ActiveCfg = Release|x64
		{9F6CD131-948C-3A46-9B1A-D6281BBFA15A}.Release|x64.Build.0 = Release|x64
		{9F6CD131-948C-3A46-9B1A-D6281BBFA15A}.MinSizeRel|x64.ActiveCfg = MinSizeRel|x64
		{9F6CD131-948C-3A46-9B1A-D6281BBFA15A}.MinSizeRel|x64.Build.0 = MinSizeRel|x64
		{9F6CD131-948C-3A46-9B1A-D6281BBFA15A}.RelWithDebInfo|x64.ActiveCfg = RelWithDebInfo|x64
		{9F6CD131-948C-3A46-9B1A-D6281BBFA15A}.RelWithDebInfo|x64.Build.0 = RelWithDebInfo|x64
		{D3531CCB-A459-30F8-9E7E-DDB5D9E6927C}.Debug|x64.ActiveCfg = Debug|x64
		{D3531CCB-A459-30F8-9E7E-DDB5D9E6927C}.Debug|x64.Build.0 = Debug|x64
		{D3531CCB-A459-30F8-9E7E-DDB5D9E6927C}.Release|x64.ActiveCfg = Release|x64
		{D3531CCB-A459-30F8-9E7E-DDB5D9E6927C}.Release|x64.Build.0 = Release|x64
		{D3531CCB-A459-30F8-9E7E-DDB5D9E6927C}.MinSizeRel|x64.ActiveCfg = MinSizeRel|x64
		{D3531CCB-A459-30F8-9E7E-DDB5D9E6927C}.MinSizeRel|x64.Build.0 = MinSizeRel|x64
		{D3531CCB-A459-30F8-9E7E-DDB5D9E6927C}.RelWithDebInfo|x64.ActiveCfg = RelWithDebInfo|x64
		{D3531CCB-A459-30F8-9E7E-DDB5D9E6927C}.RelWithDebInfo|x64.Build.0 = RelWithDebInfo|x64
		{D7B97DF5-45CC-35E9-93C4-5157912E98BE}.Debug|x64.ActiveCfg = Debug|x64
		{D7B97DF5-45CC-35E9-93C4-5157912E98BE}.Debug|x64.Build.0 = Debug|x64
		{D7B97DF5-45CC-35E9-93C4-5157912E98BE}.Release|x64.ActiveCfg = Release|x64
		{D7B97DF5-45CC-35E9-93C4-5157912E98BE}.Release|x64.Build.0 = Release|x64
		{D7B97DF5-45CC-35E9-93C4-5157912E98BE}.MinSizeRel|x64.ActiveCfg = MinSizeRel|x64
		{D7B97DF5-45CC-35E9-93C4-5157912E98BE}.MinSizeRel|x64.Build.0 = MinSizeRel|x64
		{D7B97DF5-45CC-35E9-93C4-5157912E98BE}.RelWithDebInfo|x64.ActiveCfg = RelWithDebInfo|x64
		{D7B97DF5-45CC-35E9-93C4-5157912E98BE}.RelWithDebInfo|x64.Build.0 = RelWithDebInfo|x64
		{4F9AB341-490A-3765-BB4B-ECF322E17142}.Debug|x64.ActiveCfg = Debug|x64
		{4F9AB341-490A-3765-BB4B-ECF322E17142}.Debug|x64.Build.0 = Debug|x64
		{4F9AB341-490A-3765-BB4B-ECF322E17142}.Release|x64.ActiveCfg = Release|x64
		{4F9AB341-490A-3765-BB4B-ECF322E17142}.Release|x64.Build.0 = Release|x64
		{4F9AB341-490A-3765-BB4B-ECF322E17142}.MinSizeRel|x64.ActiveCfg = MinSizeRel|x64
		{4F9AB341-490A-3765-BB4B-ECF322E17142}.MinSizeRel|x64.Build.0 = MinSizeRel|x64
		{4F9AB341-490A-3765-BB4B-ECF322E17142}.RelWithDebInfo|x64.ActiveCfg = RelWithDebInfo|x64
		{4F9AB341-490A-3765-BB4B-ECF322E17142}.RelWithDebInfo|x64.Build.0 = RelWithDebInfo|x64
		{F5C6F2D5-98F8-35BA-89C3-F5AD00B6051E}.Debug|x64.ActiveCfg = Debug|x64
		{F5C6F2D5-98F8-35BA-89C3-F5AD00B6051E}.Debug|x64.Build.0 = Debug|x64
		{F5C6F2D5-98F8-35BA-89C3-F5AD00B6051E}.Release|x64.ActiveCfg = Release|x64
		{F5C6F2D5-98F8-35BA-89C3-F5AD00B6051E}.Release|x64.Build.0 = Release|x64
		{F5C6F2D5-98F8-35BA-89C3-F5AD00B6051E}.MinSizeRel|x64.ActiveCfg = MinSizeRel|x64
		{F5C6F2D5-98F8-35BA-89C3-F5AD00B6051E}.MinSizeRel|x64.Build.0 = MinSizeRel|x64
		{F5C6F2D5-98F8-35BA-89C3-F5AD00B6051E}.RelWithDebInfo|x64.ActiveCfg = RelWithDebInfo|x64
		{F5C6F2D5-98F8-35BA-89C3-F5AD00B6051E}.RelWithDebInfo|x64.Build.0 = RelWithDebInfo|x64
		{0B32F742-6C27-30A5-A48F-21AA28F26733}.Debug|x64.ActiveCfg = Debug|x64
		{0B32F742-6C27-30A5-A48F-21AA28F26733}.Debug|x64.Build.0 = Debug|x64
		{0B32F742-6C27-30A5-A48F-21AA28F26733}.Release|x64.ActiveCfg = Release|x64
		{0B32F742-6C27-30A5-A48F-21AA28F26733}.Release|x64.Build.0 = Release|x64
		{0B32F742-6C27-30A5-A48F-21AA28F26733}.MinSizeRel|x64.ActiveCfg = MinSizeRel|x64
		{0B32F742-6C27-30A5-A48F-21AA28F26733}.MinSizeRel|x64.Build.0 = MinSizeRel|x64
		{0B32F742-6C27-30A5-A48F-21AA28F26733}.RelWithDebInfo|x64.ActiveCfg = RelWithDebInfo|x64
		{0B32F742-6C27-30A5-A48F-21AA28F26733}.RelWithDebInfo|x64.Build.0 = RelWithDebInfo|x64
		{15C0889B-5619-3160-882F-994DADA807E6}.Debug|x64.ActiveCfg = Debug|x64
		{15C0889B-5619-3160-882F-994DADA807E6}.Debug|x64.Build.0 = Debug|x64
		{15C0889B-5619-3160-882F-994DADA807E6}.Release|x64.ActiveCfg = Release|x64
		{15C0889B-5619-3160-882F-994DADA807E6}.Release|x64.Build.0 = Release|x64
		{15C0889B-5619-3160-882F-994DADA807E6}.MinSizeRel|x64.ActiveCfg = MinSizeRel|x64
		{15C0889B-5619-3160-882F-994DADA807E6}.MinSizeRel|x64.Build.0 = MinSizeRel|x64
		{15C0889B-5619-3160-882F-994DADA807E6}.RelWithDebInfo|x64.ActiveCfg = RelWithDebInfo|x64
		{15C0889B-5619-3160-882F-994DADA807E6}.RelWithDebInfo|x64.Build.0 = RelWithDebInfo|x64
		{5AB4D450-2E0D-319B-A20E-9EAB325BA47D}.Debug|x64.ActiveCfg = Debug|x64
		{5AB4D450-2E0D-319B-A20E-9EAB325BA47D}.Debug|x64.Build.0 = Debug|x64
		{5AB4D450-2E0D-319B-A20E-9EAB325BA47D}.Release|x64.ActiveCfg = Release|x64
		{5AB4D450-2E0D-319B-A20E-9EAB325BA47D}.Release|x64.Build.0 = Release|x64
		{5AB4D450-2E0D-319B-A20E-9EAB325BA47D}.MinSizeRel|x64.ActiveCfg = MinSizeRel|x64
		{5AB4D450-2E0D-319B-A20E-9EAB325BA47D}.MinSizeRel|x64.Build.0 = MinSizeRel|x64
		{5AB4D450-2E0D-319B-A20E-9EAB325BA47D}.RelWithDebInfo|x64.ActiveCfg = RelWithDebInfo|x64
		{5AB4D450-2E0D-319B-A20E-9EAB325BA47D}.RelWithDebInfo|x64.Build.0 = RelWithDebInfo|x64
	EndGlobalSection
	GlobalSection(ExtensibilityGlobals) = postSolution
		SolutionGuid = {07C5B41C-2E07-384C-98CC-DC0EFB359926}
	EndGlobalSection
	GlobalSection(ExtensibilityAddIns) = postSolution
	EndGlobalSection
EndGlobal
