<?xml version="1.0" encoding="utf-8"?>
<Project ToolsVersion="17.0" xmlns="http://schemas.microsoft.com/developer/msbuild/2003">
  <ItemGroup>
    <CustomBuild Include="C:\Users\claud\OneDrive\Documenti\JUCE\oscpack_1_1_0\oscpack-build\CMakeFiles\09fbeca8908698c29756869739f56715\generate.stamp.rule">
      <Filter>CMake Rules</Filter>
    </CustomBuild>
  </ItemGroup>
  <ItemGroup>
    <Filter Include="CMake Rules">
      <UniqueIdentifier>{F4C14C6C-77CC-3CD8-A81F-1B39C6740E7D}</UniqueIdentifier>
    </Filter>
  </ItemGroup>
</Project>
