// !$*UTF8*$!
{
	archiveVersion = 1;
	classes = {
	};
	objectVersion = 46;
	objects = {

/* Begin PBXAggregateTarget section */
		F5A04D62AA76176948A4B2F1 /* Frattalatore - All */ = {
			isa = PBXAggregateTarget;
			buildConfigurationList = 514233036FD5170E20D41B09;
			buildPhases = (
			);
			dependencies = (
				CFB87F05A241C7588366D0DB,
				164CB9D0E3FF56D549AAD452,
				B0AB22509C44EC6AA8A71898,
				58EAF54AC09E52BEE1BB8CDB,
			);
			name = "Frattalatore - All";
			productName = Frattalatore;
		};
/* End PBXAggregateTarget section */

/* Begin PBXBuildFile section */
		077786A146123E70B32DBEBD /* AU */ = {isa = PBXBuildFile; fileRef = 0A211ECAC252A1349734DF5A; };
		0F9D22A743140994E76C49DB /* Accelerate.framework */ = {isa = PBXBuildFile; fileRef = FD6D28E7890FAA939CD18D1A; };
		1B5DCA7BD432AFAB89573342 /* CoreMIDI.framework */ = {isa = PBXBuildFile; fileRef = D60F774245119BB0391B0AD7; };
		2068DAC4DB9B79A681F52CC2 /* OscComponent.cpp */ = {isa = PBXBuildFile; fileRef = 5D11A07583AB83F861D24FC1; };
		2794CCB2E547EFD90CBECBDA /* CoreAudio.framework */ = {isa = PBXBuildFile; fileRef = 3F929DFBEF99AF49974292A2; };
		301115F0FBF92BE9605FFBB8 /* AdsrComponent.cpp */ = {isa = PBXBuildFile; fileRef = FDE0E76B2D46E58E61BD072D; };
		313327A8CD625E11A2BD325A /* include_juce_audio_plugin_client_AU.r */ = {isa = PBXBuildFile; fileRef = 862116EAD34E6AE0227C1FFE; };
		31F74B018F9F1CF807A15374 /* GuiComponent.cpp */ = {isa = PBXBuildFile; fileRef = DA34F673210EB5163051E961; };
		39749BED81020F3AA7DC168E /* OscData.cpp */ = {isa = PBXBuildFile; fileRef = DE495E81D16575078E7D2D73; };
		40ECC267358872F2EEF20AAA /* include_juce_dsp.mm */ = {isa = PBXBuildFile; fileRef = F918CDB743172181A938FF52; };
		4305304B457CCACE40191F5A /* SynthVoice.cpp */ = {isa = PBXBuildFile; fileRef = 07CCDD4AAADA8A9C0DF509BE; };
		47BD3280A187433B1C5C42D6 /* AdsrData.cpp */ = {isa = PBXBuildFile; fileRef = 1DACB050D004ADCA6359FEF2; };
		4BD012F3DB640080877A695F /* include_juce_audio_devices.mm */ = {isa = PBXBuildFile; fileRef = 0D8A806027B30239D9106F9F; };
		51A4869690D4CEDFC54ED364 /* include_juce_audio_processors.mm */ = {isa = PBXBuildFile; fileRef = D61121EB8E9397429DDDB77A; };
		55EDB718669CF7AF84F5DD58 /* include_juce_gui_extra.mm */ = {isa = PBXBuildFile; fileRef = 2BA4A2AC745DE44347BD6DB6; };
		592C34D1603D851729EDF667 /* DiscRecording.framework */ = {isa = PBXBuildFile; fileRef = 30149E11B4054B8D499A57CA; };
		5D96C43B9CF2D1B92B489204 /* PluginProcessor.cpp */ = {isa = PBXBuildFile; fileRef = C4D114F3D49EE23B297FB0F1; };
		6202DE6C73178E5CA5C893F4 /* include_juce_audio_plugin_client_VST_utils.mm */ = {isa = PBXBuildFile; fileRef = 6055B9C5CB83FCF6EB46D67D; };
		663EDEB2261FF80BB7553C96 /* include_juce_audio_utils.mm */ = {isa = PBXBuildFile; fileRef = 68C4D1A5F2079CA4FA1E633D; };
		692BD38B32884B29CD790826 /* include_juce_events.mm */ = {isa = PBXBuildFile; fileRef = 04EA1C3531BBF09C78E9488A; };
		69DD08B4C39BE34689819FF1 /* Standalone Plugin */ = {isa = PBXBuildFile; fileRef = CAD18437BC5831D8BC5222AE; };
		71CCB7EDDBE96372F9BCC177 /* WebKit.framework */ = {isa = PBXBuildFile; fileRef = F6C3F35060C8ED5B1FED2EA3; };
		7656A15C7FF645EBB8BCF8B1 /* AudioUnit.framework */ = {isa = PBXBuildFile; fileRef = CA17DA44BEC49FD1A43E8CDD; };
		76F107734045F474702B5C3E /* Foundation.framework */ = {isa = PBXBuildFile; fileRef = 2B9C343F3C5AC99E6D43F5FB; };
		77F8C132707417CFBA19EF94 /* VST3 */ = {isa = PBXBuildFile; fileRef = 41848212FDF1423208CB524D; };
		79260EEDB8BFDB3CB575CF9B /* FilterData.cpp */ = {isa = PBXBuildFile; fileRef = 7714F363996279890477C188; };
		7A203CFC64E07872F7201917 /* include_juce_audio_formats.mm */ = {isa = PBXBuildFile; fileRef = 546B29A66DE3B57E812C4609; };
		84984FCBF8FD9CDADDBFFDE1 /* CoreAudioKit.framework */ = {isa = PBXBuildFile; fileRef = 3FD4DC3B88B4D9CBE26DBC46; };
		8FA724092F0AECF84E26256E /* Cocoa.framework */ = {isa = PBXBuildFile; fileRef = FC500072665274334B7191B1; };
		934D17D641F5106B2787F75C /* include_juce_audio_plugin_client_utils.cpp */ = {isa = PBXBuildFile; fileRef = 5ABBDBFB1447AE72E69D3754; };
		96C8EE4EF286BB5246716D45 /* BinaryData.cpp */ = {isa = PBXBuildFile; fileRef = 0FE878BDF895FF66724D29C4; };
		98E82757007393F7D2FB875D /* LfoComponent.cpp */ = {isa = PBXBuildFile; fileRef = 7901EF36168F502C11D26053; };
		9B8B22B684521F487D71B7E8 /* include_juce_core.mm */ = {isa = PBXBuildFile; fileRef = 510BCD666BCFB598953D2BEC; };
		9C6EECABB434ADCBCAF90E5E /* include_juce_osc.cpp */ = {isa = PBXBuildFile; fileRef = C81AD837DD3726914EAFB5E7; };
		A32396AC93DFE1B7E18580C8 /* include_juce_audio_plugin_client_VST3.cpp */ = {isa = PBXBuildFile; fileRef = 50FC64BF1F9FF2F6A8BDC935; };
		A8FE0F542A582794620EEDF9 /* include_juce_cryptography.mm */ = {isa = PBXBuildFile; fileRef = 60A9368324E2592F504C8170; };
		ABCD5EEFC1CF00ACCF9E1AC3 /* QuartzCore.framework */ = {isa = PBXBuildFile; fileRef = D7D534C848D5C76346C6BB2A; };
		B6B11037527A879E542A665B /* include_juce_audio_plugin_client_AU_1.mm */ = {isa = PBXBuildFile; fileRef = D0D23B03D494490BD88541A3; };
		B7C0073E8C7952ACF7EF4818 /* include_juce_gui_basics.mm */ = {isa = PBXBuildFile; fileRef = 09E4B2ABB403DA350C7B8495; };
		BA18CDABC6D5A2E1177B20FB /* AudioToolbox.framework */ = {isa = PBXBuildFile; fileRef = 01FC809AF17927543401AEA0; };
		C254CD748AF5F0F932E798FF /* Shared Code */ = {isa = PBXBuildFile; fileRef = 3F545C59D33D5AC4E6E79E99; };
		C52DA4C4170A5815C5922B83 /* include_juce_audio_basics.mm */ = {isa = PBXBuildFile; fileRef = 59C44B0DEBE7F7F53BA4F286; };
		C60014D8ED1A48A907BB1308 /* IOKit.framework */ = {isa = PBXBuildFile; fileRef = D767FEBE0A1FFFEDE149E56C; };
		CDD0B1F88A6A69293A988EBC /* include_juce_audio_plugin_client_AU_2.mm */ = {isa = PBXBuildFile; fileRef = 381767506DFA22718D2F12B6; };
		D0CF2F6C5277A748B5425954 /* CustomLookAndFeel.cpp */ = {isa = PBXBuildFile; fileRef = FCA97D71072D8CA73D5966E7; };
		D44F5884B16A2CBB816DE3FC /* include_juce_data_structures.mm */ = {isa = PBXBuildFile; fileRef = 51EFB0745B8A236980B6E05A; };
		DE9A943ECE6E748EB8B9BFBE /* include_juce_audio_plugin_client_Standalone.cpp */ = {isa = PBXBuildFile; fileRef = 65CEFCDC3F3893DB0A484A11; };
		E006C28A8DB5127A9F0EB169 /* FilterComponent.cpp */ = {isa = PBXBuildFile; fileRef = F9DDC0D391C18B092CF8A4E8; };
		E47D75F8090CF966AD1FCEB9 /* RecentFilesMenuTemplate.nib */ = {isa = PBXBuildFile; fileRef = E9BD9F76EFE3B6588AAD7137; };
		EF6D829218BADD7C7BDC06B6 /* PluginEditor.cpp */ = {isa = PBXBuildFile; fileRef = 7202AB362048632B6D83AF5E; };
		F9910B21B39F30F5F2AB646C /* include_juce_graphics.mm */ = {isa = PBXBuildFile; fileRef = 284C9644A21A0306AB0B56EE; };
		FDEF71AA410A7D0FB05AC5D9 /* Carbon.framework */ = {isa = PBXBuildFile; fileRef = C2B28CB69B93A3807C379D8A; };
/* End PBXBuildFile section */

/* Begin PBXFileReference section */
		01FC809AF17927543401AEA0 /* AudioToolbox.framework */ /* AudioToolbox.framework */ = {isa = PBXFileReference; lastKnownFileType = wrapper.framework; name = AudioToolbox.framework; path = System/Library/Frameworks/AudioToolbox.framework; sourceTree = SDKROOT; };
		04EA1C3531BBF09C78E9488A /* include_juce_events.mm */ /* include_juce_events.mm */ = {isa = PBXFileReference; lastKnownFileType = sourcecode.cpp.objcpp; name = include_juce_events.mm; path = ../../JuceLibraryCode/include_juce_events.mm; sourceTree = SOURCE_ROOT; };
		06B1AD33FCFB744FE5B0156E /* PluginProcessor.h */ /* PluginProcessor.h */ = {isa = PBXFileReference; lastKnownFileType = sourcecode.c.h; name = PluginProcessor.h; path = ../../Source/PluginProcessor.h; sourceTree = SOURCE_ROOT; };
		07CCDD4AAADA8A9C0DF509BE /* SynthVoice.cpp */ /* SynthVoice.cpp */ = {isa = PBXFileReference; lastKnownFileType = sourcecode.cpp.cpp; name = SynthVoice.cpp; path = ../../Source/Synth/SynthVoice.cpp; sourceTree = SOURCE_ROOT; };
		09E4B2ABB403DA350C7B8495 /* include_juce_gui_basics.mm */ /* include_juce_gui_basics.mm */ = {isa = PBXFileReference; lastKnownFileType = sourcecode.cpp.objcpp; name = include_juce_gui_basics.mm; path = ../../JuceLibraryCode/include_juce_gui_basics.mm; sourceTree = SOURCE_ROOT; };
		0A211ECAC252A1349734DF5A /* AU */ = {isa = PBXFileReference; explicitFileType = wrapper.cfbundle; includeInIndex = 0; path = Frattalatore.component; sourceTree = BUILT_PRODUCTS_DIR; };
		0D8A806027B30239D9106F9F /* include_juce_audio_devices.mm */ /* include_juce_audio_devices.mm */ = {isa = PBXFileReference; lastKnownFileType = sourcecode.cpp.objcpp; name = include_juce_audio_devices.mm; path = ../../JuceLibraryCode/include_juce_audio_devices.mm; sourceTree = SOURCE_ROOT; };
		0DE3B6E9FEA639403511DFEE /* juce_audio_processors */ /* juce_audio_processors */ = {isa = PBXFileReference; lastKnownFileType = folder; name = juce_audio_processors; path = "~/JUCE/modules/juce_audio_processors"; sourceTree = "<absolute>"; };
		0FDBA67CF012E99AA49CF07E /* SynthSound.h */ /* SynthSound.h */ = {isa = PBXFileReference; lastKnownFileType = sourcecode.c.h; name = SynthSound.h; path = ../../Source/Synth/SynthSound.h; sourceTree = SOURCE_ROOT; };
		0FE878BDF895FF66724D29C4 /* BinaryData.cpp */ /* BinaryData.cpp */ = {isa = PBXFileReference; lastKnownFileType = sourcecode.cpp.cpp; name = BinaryData.cpp; path = ../../JuceLibraryCode/BinaryData.cpp; sourceTree = SOURCE_ROOT; };
		104F150C26A1568D07A2B148 /* juce_data_structures */ /* juce_data_structures */ = {isa = PBXFileReference; lastKnownFileType = folder; name = juce_data_structures; path = "~/JUCE/modules/juce_data_structures"; sourceTree = "<absolute>"; };
		190D574CC622AFCB49690C6F /* juce_gui_extra */ /* juce_gui_extra */ = {isa = PBXFileReference; lastKnownFileType = folder; name = juce_gui_extra; path = "~/JUCE/modules/juce_gui_extra"; sourceTree = "<absolute>"; };
		1943DC9F08BE0C679A9EE30D /* AdsrComponent.h */ /* AdsrComponent.h */ = {isa = PBXFileReference; lastKnownFileType = sourcecode.c.h; name = AdsrComponent.h; path = ../../Source/UI/AdsrComponent.h; sourceTree = SOURCE_ROOT; };
		1DACB050D004ADCA6359FEF2 /* AdsrData.cpp */ /* AdsrData.cpp */ = {isa = PBXFileReference; lastKnownFileType = sourcecode.cpp.cpp; name = AdsrData.cpp; path = ../../Source/Data/AdsrData.cpp; sourceTree = SOURCE_ROOT; };
		1DD9801C4EBCFE52E7F4EC8F /* Knob2.png */ /* Knob2.png */ = {isa = PBXFileReference; lastKnownFileType = image.png; name = Knob2.png; path = ../../Source/Resources/Knob2.png; sourceTree = SOURCE_ROOT; };
		284C9644A21A0306AB0B56EE /* include_juce_graphics.mm */ /* include_juce_graphics.mm */ = {isa = PBXFileReference; lastKnownFileType = sourcecode.cpp.objcpp; name = include_juce_graphics.mm; path = ../../JuceLibraryCode/include_juce_graphics.mm; sourceTree = SOURCE_ROOT; };
		2B9C343F3C5AC99E6D43F5FB /* Foundation.framework */ /* Foundation.framework */ = {isa = PBXFileReference; lastKnownFileType = wrapper.framework; name = Foundation.framework; path = System/Library/Frameworks/Foundation.framework; sourceTree = SDKROOT; };
		2BA4A2AC745DE44347BD6DB6 /* include_juce_gui_extra.mm */ /* include_juce_gui_extra.mm */ = {isa = PBXFileReference; lastKnownFileType = sourcecode.cpp.objcpp; name = include_juce_gui_extra.mm; path = ../../JuceLibraryCode/include_juce_gui_extra.mm; sourceTree = SOURCE_ROOT; };
		2D4886E416768C3CE6B291BA /* JucePluginDefines.h */ /* JucePluginDefines.h */ = {isa = PBXFileReference; lastKnownFileType = sourcecode.c.h; name = JucePluginDefines.h; path = ../../JuceLibraryCode/JucePluginDefines.h; sourceTree = SOURCE_ROOT; };
		30149E11B4054B8D499A57CA /* DiscRecording.framework */ /* DiscRecording.framework */ = {isa = PBXFileReference; lastKnownFileType = wrapper.framework; name = DiscRecording.framework; path = System/Library/Frameworks/DiscRecording.framework; sourceTree = SDKROOT; };
		30899435F8265C951BF12505 /* juce_audio_formats */ /* juce_audio_formats */ = {isa = PBXFileReference; lastKnownFileType = folder; name = juce_audio_formats; path = "~/JUCE/modules/juce_audio_formats"; sourceTree = "<absolute>"; };
		381767506DFA22718D2F12B6 /* include_juce_audio_plugin_client_AU_2.mm */ /* include_juce_audio_plugin_client_AU_2.mm */ = {isa = PBXFileReference; lastKnownFileType = sourcecode.cpp.objcpp; name = include_juce_audio_plugin_client_AU_2.mm; path = ../../JuceLibraryCode/include_juce_audio_plugin_client_AU_2.mm; sourceTree = SOURCE_ROOT; };
		3F545C59D33D5AC4E6E79E99 /* Shared Code */ = {isa = PBXFileReference; explicitFileType = archive.ar; includeInIndex = 0; path = libFrattalatore.a; sourceTree = BUILT_PRODUCTS_DIR; };
		3F929DFBEF99AF49974292A2 /* CoreAudio.framework */ /* CoreAudio.framework */ = {isa = PBXFileReference; lastKnownFileType = wrapper.framework; name = CoreAudio.framework; path = System/Library/Frameworks/CoreAudio.framework; sourceTree = SDKROOT; };
		3FD4DC3B88B4D9CBE26DBC46 /* CoreAudioKit.framework */ /* CoreAudioKit.framework */ = {isa = PBXFileReference; lastKnownFileType = wrapper.framework; name = CoreAudioKit.framework; path = System/Library/Frameworks/CoreAudioKit.framework; sourceTree = SDKROOT; };
		41848212FDF1423208CB524D /* VST3 */ = {isa = PBXFileReference; explicitFileType = wrapper.cfbundle; includeInIndex = 0; path = Frattalatore.vst3; sourceTree = BUILT_PRODUCTS_DIR; };
		48445353E6392B38507D9572 /* juce_cryptography */ /* juce_cryptography */ = {isa = PBXFileReference; lastKnownFileType = folder; name = juce_cryptography; path = "~/JUCE/modules/juce_cryptography"; sourceTree = "<absolute>"; };
		50F2045B849FE164F4A86CDA /* juce_audio_plugin_client */ /* juce_audio_plugin_client */ = {isa = PBXFileReference; lastKnownFileType = folder; name = juce_audio_plugin_client; path = "~/JUCE/modules/juce_audio_plugin_client"; sourceTree = "<absolute>"; };
		50FC64BF1F9FF2F6A8BDC935 /* include_juce_audio_plugin_client_VST3.cpp */ /* include_juce_audio_plugin_client_VST3.cpp */ = {isa = PBXFileReference; lastKnownFileType = sourcecode.cpp.cpp; name = include_juce_audio_plugin_client_VST3.cpp; path = ../../JuceLibraryCode/include_juce_audio_plugin_client_VST3.cpp; sourceTree = SOURCE_ROOT; };
		510BCD666BCFB598953D2BEC /* include_juce_core.mm */ /* include_juce_core.mm */ = {isa = PBXFileReference; lastKnownFileType = sourcecode.cpp.objcpp; name = include_juce_core.mm; path = ../../JuceLibraryCode/include_juce_core.mm; sourceTree = SOURCE_ROOT; };
		51EFB0745B8A236980B6E05A /* include_juce_data_structures.mm */ /* include_juce_data_structures.mm */ = {isa = PBXFileReference; lastKnownFileType = sourcecode.cpp.objcpp; name = include_juce_data_structures.mm; path = ../../JuceLibraryCode/include_juce_data_structures.mm; sourceTree = SOURCE_ROOT; };
		546B29A66DE3B57E812C4609 /* include_juce_audio_formats.mm */ /* include_juce_audio_formats.mm */ = {isa = PBXFileReference; lastKnownFileType = sourcecode.cpp.objcpp; name = include_juce_audio_formats.mm; path = ../../JuceLibraryCode/include_juce_audio_formats.mm; sourceTree = SOURCE_ROOT; };
		59C44B0DEBE7F7F53BA4F286 /* include_juce_audio_basics.mm */ /* include_juce_audio_basics.mm */ = {isa = PBXFileReference; lastKnownFileType = sourcecode.cpp.objcpp; name = include_juce_audio_basics.mm; path = ../../JuceLibraryCode/include_juce_audio_basics.mm; sourceTree = SOURCE_ROOT; };
		5ABBDBFB1447AE72E69D3754 /* include_juce_audio_plugin_client_utils.cpp */ /* include_juce_audio_plugin_client_utils.cpp */ = {isa = PBXFileReference; lastKnownFileType = sourcecode.cpp.cpp; name = include_juce_audio_plugin_client_utils.cpp; path = ../../JuceLibraryCode/include_juce_audio_plugin_client_utils.cpp; sourceTree = SOURCE_ROOT; };
		5D11A07583AB83F861D24FC1 /* OscComponent.cpp */ /* OscComponent.cpp */ = {isa = PBXFileReference; lastKnownFileType = sourcecode.cpp.cpp; name = OscComponent.cpp; path = ../../Source/UI/OscComponent.cpp; sourceTree = SOURCE_ROOT; };
		6026AC9C9A9B4572DD7D7688 /* FilterComponent.h */ /* FilterComponent.h */ = {isa = PBXFileReference; lastKnownFileType = sourcecode.c.h; name = FilterComponent.h; path = ../../Source/UI/FilterComponent.h; sourceTree = SOURCE_ROOT; };
		6055B9C5CB83FCF6EB46D67D /* include_juce_audio_plugin_client_VST_utils.mm */ /* include_juce_audio_plugin_client_VST_utils.mm */ = {isa = PBXFileReference; lastKnownFileType = sourcecode.cpp.objcpp; name = include_juce_audio_plugin_client_VST_utils.mm; path = ../../JuceLibraryCode/include_juce_audio_plugin_client_VST_utils.mm; sourceTree = SOURCE_ROOT; };
		60A9368324E2592F504C8170 /* include_juce_cryptography.mm */ /* include_juce_cryptography.mm */ = {isa = PBXFileReference; lastKnownFileType = sourcecode.cpp.objcpp; name = include_juce_cryptography.mm; path = ../../JuceLibraryCode/include_juce_cryptography.mm; sourceTree = SOURCE_ROOT; };
		65CEFCDC3F3893DB0A484A11 /* include_juce_audio_plugin_client_Standalone.cpp */ /* include_juce_audio_plugin_client_Standalone.cpp */ = {isa = PBXFileReference; lastKnownFileType = sourcecode.cpp.cpp; name = include_juce_audio_plugin_client_Standalone.cpp; path = ../../JuceLibraryCode/include_juce_audio_plugin_client_Standalone.cpp; sourceTree = SOURCE_ROOT; };
		68C4D1A5F2079CA4FA1E633D /* include_juce_audio_utils.mm */ /* include_juce_audio_utils.mm */ = {isa = PBXFileReference; lastKnownFileType = sourcecode.cpp.objcpp; name = include_juce_audio_utils.mm; path = ../../JuceLibraryCode/include_juce_audio_utils.mm; sourceTree = SOURCE_ROOT; };
		6AB636AB6D83151C84212470 /* Info-VST3.plist */ /* Info-VST3.plist */ = {isa = PBXFileReference; lastKnownFileType = text.plist.xml; name = "Info-VST3.plist"; path = "Info-VST3.plist"; sourceTree = SOURCE_ROOT; };
		6E8BB532FE129A4E28F7D274 /* SynthVoice.h */ /* SynthVoice.h */ = {isa = PBXFileReference; lastKnownFileType = sourcecode.c.h; name = SynthVoice.h; path = ../../Source/Synth/SynthVoice.h; sourceTree = SOURCE_ROOT; };
		6F4D40031A51635F294AFAD2 /* LfoComponent.h */ /* LfoComponent.h */ = {isa = PBXFileReference; lastKnownFileType = sourcecode.c.h; name = LfoComponent.h; path = ../../Source/UI/LfoComponent.h; sourceTree = SOURCE_ROOT; };
		70D6F1549CDF57218A90B225 /* JuliaBackgroundImg1.png */ /* JuliaBackgroundImg1.png */ = {isa = PBXFileReference; lastKnownFileType = image.png; name = JuliaBackgroundImg1.png; path = ../../Source/Resources/JuliaBackgroundImg1.png; sourceTree = SOURCE_ROOT; };
		7202AB362048632B6D83AF5E /* PluginEditor.cpp */ /* PluginEditor.cpp */ = {isa = PBXFileReference; lastKnownFileType = sourcecode.cpp.cpp; name = PluginEditor.cpp; path = ../../Source/PluginEditor.cpp; sourceTree = SOURCE_ROOT; };
		7714F363996279890477C188 /* FilterData.cpp */ /* FilterData.cpp */ = {isa = PBXFileReference; lastKnownFileType = sourcecode.cpp.cpp; name = FilterData.cpp; path = ../../Source/Data/FilterData.cpp; sourceTree = SOURCE_ROOT; };
		77382BBDB4692B451437E8A7 /* juce_graphics */ /* juce_graphics */ = {isa = PBXFileReference; lastKnownFileType = folder; name = juce_graphics; path = "~/JUCE/modules/juce_graphics"; sourceTree = "<absolute>"; };
		7901EF36168F502C11D26053 /* LfoComponent.cpp */ /* LfoComponent.cpp */ = {isa = PBXFileReference; lastKnownFileType = sourcecode.cpp.cpp; name = LfoComponent.cpp; path = ../../Source/UI/LfoComponent.cpp; sourceTree = SOURCE_ROOT; };
		792A1A77F24D6A6E54A66F5A /* AdsrData.h */ /* AdsrData.h */ = {isa = PBXFileReference; lastKnownFileType = sourcecode.c.h; name = AdsrData.h; path = ../../Source/Data/AdsrData.h; sourceTree = SOURCE_ROOT; };
		7BB31A1B4405F5BFEE5E7EB7 /* mandelbrotBackgroundImg.png */ /* mandelbrotBackgroundImg.png */ = {isa = PBXFileReference; lastKnownFileType = image.png; name = mandelbrotBackgroundImg.png; path = ../../Source/Resources/mandelbrotBackgroundImg.png; sourceTree = SOURCE_ROOT; };
		813370D1B0AEB79A07C2695C /* OscComponent.h */ /* OscComponent.h */ = {isa = PBXFileReference; lastKnownFileType = sourcecode.c.h; name = OscComponent.h; path = ../../Source/UI/OscComponent.h; sourceTree = SOURCE_ROOT; };
		83FBFFD7C5B45F2393E63330 /* juce_audio_utils */ /* juce_audio_utils */ = {isa = PBXFileReference; lastKnownFileType = folder; name = juce_audio_utils; path = "~/JUCE/modules/juce_audio_utils"; sourceTree = "<absolute>"; };
		862116EAD34E6AE0227C1FFE /* include_juce_audio_plugin_client_AU.r */ /* include_juce_audio_plugin_client_AU.r */ = {isa = PBXFileReference; lastKnownFileType = file.r; name = include_juce_audio_plugin_client_AU.r; path = ../../JuceLibraryCode/include_juce_audio_plugin_client_AU.r; sourceTree = SOURCE_ROOT; };
		8861247EE82053C221C79E49 /* LOGO Capr.png */ /* LOGO Capr.png */ = {isa = PBXFileReference; lastKnownFileType = image.png; name = "LOGO Capr.png"; path = "../../Source/Resources/LOGO Capr.png"; sourceTree = SOURCE_ROOT; };
		906C744E1D7591660AF62762 /* juce_audio_devices */ /* juce_audio_devices */ = {isa = PBXFileReference; lastKnownFileType = folder; name = juce_audio_devices; path = "~/JUCE/modules/juce_audio_devices"; sourceTree = "<absolute>"; };
		92D335DCA6709146E5B2112F /* juce_osc */ /* juce_osc */ = {isa = PBXFileReference; lastKnownFileType = folder; name = juce_osc; path = "~/JUCE/modules/juce_osc"; sourceTree = "<absolute>"; };
		98F6AB69E60EE78664A50954 /* juce_dsp */ /* juce_dsp */ = {isa = PBXFileReference; lastKnownFileType = folder; name = juce_dsp; path = "~/JUCE/modules/juce_dsp"; sourceTree = "<absolute>"; };
		9FF50845DDEE7B5BC75158CE /* juce_audio_basics */ /* juce_audio_basics */ = {isa = PBXFileReference; lastKnownFileType = folder; name = juce_audio_basics; path = "~/JUCE/modules/juce_audio_basics"; sourceTree = "<absolute>"; };
		A21E10D36B75565A65DB5BF6 /* Info-Standalone_Plugin.plist */ /* Info-Standalone_Plugin.plist */ = {isa = PBXFileReference; lastKnownFileType = text.plist.xml; name = "Info-Standalone_Plugin.plist"; path = "Info-Standalone_Plugin.plist"; sourceTree = SOURCE_ROOT; };
		AE7687A2ED61536686CDF92D /* GuiComponent.h */ /* GuiComponent.h */ = {isa = PBXFileReference; lastKnownFileType = sourcecode.c.h; name = GuiComponent.h; path = ../../Source/UI/GuiComponent.h; sourceTree = SOURCE_ROOT; };
		B1F75FFD9E836B3486794B5A /* PluginEditor.h */ /* PluginEditor.h */ = {isa = PBXFileReference; lastKnownFileType = sourcecode.c.h; name = PluginEditor.h; path = ../../Source/PluginEditor.h; sourceTree = SOURCE_ROOT; };
		B65B487F9151EC6FE775936F /* OscData.h */ /* OscData.h */ = {isa = PBXFileReference; lastKnownFileType = sourcecode.c.h; name = OscData.h; path = ../../Source/Data/OscData.h; sourceTree = SOURCE_ROOT; };
		BFB38DA5BD8334528B2D049F /* juce_gui_basics */ /* juce_gui_basics */ = {isa = PBXFileReference; lastKnownFileType = folder; name = juce_gui_basics; path = "~/JUCE/modules/juce_gui_basics"; sourceTree = "<absolute>"; };
		C2B28CB69B93A3807C379D8A /* Carbon.framework */ /* Carbon.framework */ = {isa = PBXFileReference; lastKnownFileType = wrapper.framework; name = Carbon.framework; path = System/Library/Frameworks/Carbon.framework; sourceTree = SDKROOT; };
		C4D114F3D49EE23B297FB0F1 /* PluginProcessor.cpp */ /* PluginProcessor.cpp */ = {isa = PBXFileReference; lastKnownFileType = sourcecode.cpp.cpp; name = PluginProcessor.cpp; path = ../../Source/PluginProcessor.cpp; sourceTree = SOURCE_ROOT; };
		C81AD837DD3726914EAFB5E7 /* include_juce_osc.cpp */ /* include_juce_osc.cpp */ = {isa = PBXFileReference; lastKnownFileType = sourcecode.cpp.cpp; name = include_juce_osc.cpp; path = ../../JuceLibraryCode/include_juce_osc.cpp; sourceTree = SOURCE_ROOT; };
		C84970CB3B660E3D63C15A53 /* JuliaBackgroundImg2.png */ /* JuliaBackgroundImg2.png */ = {isa = PBXFileReference; lastKnownFileType = image.png; name = JuliaBackgroundImg2.png; path = ../../Source/Resources/JuliaBackgroundImg2.png; sourceTree = SOURCE_ROOT; };
		CA17DA44BEC49FD1A43E8CDD /* AudioUnit.framework */ /* AudioUnit.framework */ = {isa = PBXFileReference; lastKnownFileType = wrapper.framework; name = AudioUnit.framework; path = System/Library/Frameworks/AudioUnit.framework; sourceTree = SDKROOT; };
		CAD18437BC5831D8BC5222AE /* Standalone Plugin */ = {isa = PBXFileReference; explicitFileType = wrapper.application; includeInIndex = 0; path = Frattalatore.app; sourceTree = BUILT_PRODUCTS_DIR; };
		D0A06D39657C082161C976BD /* juce_events */ /* juce_events */ = {isa = PBXFileReference; lastKnownFileType = folder; name = juce_events; path = "~/JUCE/modules/juce_events"; sourceTree = "<absolute>"; };
		D0D23B03D494490BD88541A3 /* include_juce_audio_plugin_client_AU_1.mm */ /* include_juce_audio_plugin_client_AU_1.mm */ = {isa = PBXFileReference; lastKnownFileType = sourcecode.cpp.objcpp; name = include_juce_audio_plugin_client_AU_1.mm; path = ../../JuceLibraryCode/include_juce_audio_plugin_client_AU_1.mm; sourceTree = SOURCE_ROOT; };
		D60F774245119BB0391B0AD7 /* CoreMIDI.framework */ /* CoreMIDI.framework */ = {isa = PBXFileReference; lastKnownFileType = wrapper.framework; name = CoreMIDI.framework; path = System/Library/Frameworks/CoreMIDI.framework; sourceTree = SDKROOT; };
		D61121EB8E9397429DDDB77A /* include_juce_audio_processors.mm */ /* include_juce_audio_processors.mm */ = {isa = PBXFileReference; lastKnownFileType = sourcecode.cpp.objcpp; name = include_juce_audio_processors.mm; path = ../../JuceLibraryCode/include_juce_audio_processors.mm; sourceTree = SOURCE_ROOT; };
		D6CE063B5379957D41EDA689 /* juce_core */ /* juce_core */ = {isa = PBXFileReference; lastKnownFileType = folder; name = juce_core; path = "~/JUCE/modules/juce_core"; sourceTree = "<absolute>"; };
		D767FEBE0A1FFFEDE149E56C /* IOKit.framework */ /* IOKit.framework */ = {isa = PBXFileReference; lastKnownFileType = wrapper.framework; name = IOKit.framework; path = System/Library/Frameworks/IOKit.framework; sourceTree = SDKROOT; };
		D7D534C848D5C76346C6BB2A /* QuartzCore.framework */ /* QuartzCore.framework */ = {isa = PBXFileReference; lastKnownFileType = wrapper.framework; name = QuartzCore.framework; path = System/Library/Frameworks/QuartzCore.framework; sourceTree = SDKROOT; };
		DA34F673210EB5163051E961 /* GuiComponent.cpp */ /* GuiComponent.cpp */ = {isa = PBXFileReference; lastKnownFileType = sourcecode.cpp.cpp; name = GuiComponent.cpp; path = ../../Source/UI/GuiComponent.cpp; sourceTree = SOURCE_ROOT; };
		DC1AEDCEBEEBBCA47FBA6458 /* CustomLookAndFeel.h */ /* CustomLookAndFeel.h */ = {isa = PBXFileReference; lastKnownFileType = sourcecode.c.h; name = CustomLookAndFeel.h; path = ../../Source/UI/CustomLookAndFeel.h; sourceTree = SOURCE_ROOT; };
		DE495E81D16575078E7D2D73 /* OscData.cpp */ /* OscData.cpp */ = {isa = PBXFileReference; lastKnownFileType = sourcecode.cpp.cpp; name = OscData.cpp; path = ../../Source/Data/OscData.cpp; sourceTree = SOURCE_ROOT; };
		E489F79F23E5C0B12657840A /* BinaryData.h */ /* BinaryData.h */ = {isa = PBXFileReference; lastKnownFileType = sourcecode.c.h; name = BinaryData.h; path = ../../JuceLibraryCode/BinaryData.h; sourceTree = SOURCE_ROOT; };
		E9BD9F76EFE3B6588AAD7137 /* RecentFilesMenuTemplate.nib */ /* RecentFilesMenuTemplate.nib */ = {isa = PBXFileReference; lastKnownFileType = file.nib; name = RecentFilesMenuTemplate.nib; path = RecentFilesMenuTemplate.nib; sourceTree = SOURCE_ROOT; };
		EB540DEFD08A1A8E06FEB5DA /* burningShipBackgroundImg.png */ /* burningShipBackgroundImg.png */ = {isa = PBXFileReference; lastKnownFileType = image.png; name = burningShipBackgroundImg.png; path = ../../Source/Resources/burningShipBackgroundImg.png; sourceTree = SOURCE_ROOT; };
		F6C3F35060C8ED5B1FED2EA3 /* WebKit.framework */ /* WebKit.framework */ = {isa = PBXFileReference; lastKnownFileType = wrapper.framework; name = WebKit.framework; path = System/Library/Frameworks/WebKit.framework; sourceTree = SDKROOT; };
		F71DFD91534A09A42E6348D9 /* FilterData.h */ /* FilterData.h */ = {isa = PBXFileReference; lastKnownFileType = sourcecode.c.h; name = FilterData.h; path = ../../Source/Data/FilterData.h; sourceTree = SOURCE_ROOT; };
		F918CDB743172181A938FF52 /* include_juce_dsp.mm */ /* include_juce_dsp.mm */ = {isa = PBXFileReference; lastKnownFileType = sourcecode.cpp.objcpp; name = include_juce_dsp.mm; path = ../../JuceLibraryCode/include_juce_dsp.mm; sourceTree = SOURCE_ROOT; };
		F9DDC0D391C18B092CF8A4E8 /* FilterComponent.cpp */ /* FilterComponent.cpp */ = {isa = PBXFileReference; lastKnownFileType = sourcecode.cpp.cpp; name = FilterComponent.cpp; path = ../../Source/UI/FilterComponent.cpp; sourceTree = SOURCE_ROOT; };
		FB39D8B45C8CC354D7E8471C /* Info-AU.plist */ /* Info-AU.plist */ = {isa = PBXFileReference; lastKnownFileType = text.plist.xml; name = "Info-AU.plist"; path = "Info-AU.plist"; sourceTree = SOURCE_ROOT; };
		FC500072665274334B7191B1 /* Cocoa.framework */ /* Cocoa.framework */ = {isa = PBXFileReference; lastKnownFileType = wrapper.framework; name = Cocoa.framework; path = System/Library/Frameworks/Cocoa.framework; sourceTree = SDKROOT; };
		FCA97D71072D8CA73D5966E7 /* CustomLookAndFeel.cpp */ /* CustomLookAndFeel.cpp */ = {isa = PBXFileReference; lastKnownFileType = sourcecode.cpp.cpp; name = CustomLookAndFeel.cpp; path = ../../Source/UI/CustomLookAndFeel.cpp; sourceTree = SOURCE_ROOT; };
		FD6D28E7890FAA939CD18D1A /* Accelerate.framework */ /* Accelerate.framework */ = {isa = PBXFileReference; lastKnownFileType = wrapper.framework; name = Accelerate.framework; path = System/Library/Frameworks/Accelerate.framework; sourceTree = SDKROOT; };
		FDE0E76B2D46E58E61BD072D /* AdsrComponent.cpp */ /* AdsrComponent.cpp */ = {isa = PBXFileReference; lastKnownFileType = sourcecode.cpp.cpp; name = AdsrComponent.cpp; path = ../../Source/UI/AdsrComponent.cpp; sourceTree = SOURCE_ROOT; };
		FDE7989E83F2A84DFEA9ED4C /* JuceHeader.h */ /* JuceHeader.h */ = {isa = PBXFileReference; lastKnownFileType = sourcecode.c.h; name = JuceHeader.h; path = ../../JuceLibraryCode/JuceHeader.h; sourceTree = SOURCE_ROOT; };
/* End PBXFileReference section */

/* Begin PBXFrameworksBuildPhase section */
		1E9B47085235A827C14DEC4A = {
			isa = PBXFrameworksBuildPhase;
			buildActionMask = 2147483647;
			files = (
				0F9D22A743140994E76C49DB,
				BA18CDABC6D5A2E1177B20FB,
				FDEF71AA410A7D0FB05AC5D9,
				8FA724092F0AECF84E26256E,
				2794CCB2E547EFD90CBECBDA,
				84984FCBF8FD9CDADDBFFDE1,
				1B5DCA7BD432AFAB89573342,
				592C34D1603D851729EDF667,
				76F107734045F474702B5C3E,
				C60014D8ED1A48A907BB1308,
				ABCD5EEFC1CF00ACCF9E1AC3,
				71CCB7EDDBE96372F9BCC177,
			);
			runOnlyForDeploymentPostprocessing = 0;
		};
		9E5CA3E0918F7A1D790469A3 = {
			isa = PBXFrameworksBuildPhase;
			buildActionMask = 2147483647;
			files = (
				0F9D22A743140994E76C49DB,
				BA18CDABC6D5A2E1177B20FB,
				FDEF71AA410A7D0FB05AC5D9,
				8FA724092F0AECF84E26256E,
				2794CCB2E547EFD90CBECBDA,
				84984FCBF8FD9CDADDBFFDE1,
				1B5DCA7BD432AFAB89573342,
				592C34D1603D851729EDF667,
				76F107734045F474702B5C3E,
				C60014D8ED1A48A907BB1308,
				ABCD5EEFC1CF00ACCF9E1AC3,
				71CCB7EDDBE96372F9BCC177,
			);
			runOnlyForDeploymentPostprocessing = 0;
		};
		BC57D38A1FD737BFA7161A35 = {
			isa = PBXFrameworksBuildPhase;
			buildActionMask = 2147483647;
			files = (
				7656A15C7FF645EBB8BCF8B1,
				0F9D22A743140994E76C49DB,
				BA18CDABC6D5A2E1177B20FB,
				FDEF71AA410A7D0FB05AC5D9,
				8FA724092F0AECF84E26256E,
				2794CCB2E547EFD90CBECBDA,
				84984FCBF8FD9CDADDBFFDE1,
				1B5DCA7BD432AFAB89573342,
				592C34D1603D851729EDF667,
				76F107734045F474702B5C3E,
				C60014D8ED1A48A907BB1308,
				ABCD5EEFC1CF00ACCF9E1AC3,
				71CCB7EDDBE96372F9BCC177,
			);
			runOnlyForDeploymentPostprocessing = 0;
		};
/* End PBXFrameworksBuildPhase section */

/* Begin PBXGroup section */
		28E41BEFFEBA4A61EB25EE9A /* Source */ = {
			isa = PBXGroup;
			children = (
				62C204B81A5C4F07F44474DE,
				6446D22712C484BDBF06F0CD,
				A7ADAADE3EED20072D43541B,
				A41CF64FE9C1414B1609586F,
				C4D114F3D49EE23B297FB0F1,
				06B1AD33FCFB744FE5B0156E,
				7202AB362048632B6D83AF5E,
				B1F75FFD9E836B3486794B5A,
			);
			name = Source;
			sourceTree = "<group>";
		};
		36DD3E2C8BBCB0C1B66B1500 /* JUCE Modules */ = {
			isa = PBXGroup;
			children = (
				9FF50845DDEE7B5BC75158CE,
				906C744E1D7591660AF62762,
				30899435F8265C951BF12505,
				50F2045B849FE164F4A86CDA,
				0DE3B6E9FEA639403511DFEE,
				83FBFFD7C5B45F2393E63330,
				D6CE063B5379957D41EDA689,
				48445353E6392B38507D9572,
				104F150C26A1568D07A2B148,
				98F6AB69E60EE78664A50954,
				D0A06D39657C082161C976BD,
				77382BBDB4692B451437E8A7,
				BFB38DA5BD8334528B2D049F,
				190D574CC622AFCB49690C6F,
				92D335DCA6709146E5B2112F,
			);
			name = "JUCE Modules";
			sourceTree = "<group>";
		};
		62C204B81A5C4F07F44474DE /* Resources */ = {
			isa = PBXGroup;
			children = (
				EB540DEFD08A1A8E06FEB5DA,
				70D6F1549CDF57218A90B225,
				C84970CB3B660E3D63C15A53,
				1DD9801C4EBCFE52E7F4EC8F,
				8861247EE82053C221C79E49,
				7BB31A1B4405F5BFEE5E7EB7,
			);
			name = Resources;
			sourceTree = "<group>";
		};
		6446D22712C484BDBF06F0CD /* Data */ = {
			isa = PBXGroup;
			children = (
				1DACB050D004ADCA6359FEF2,
				792A1A77F24D6A6E54A66F5A,
				7714F363996279890477C188,
				F71DFD91534A09A42E6348D9,
				DE495E81D16575078E7D2D73,
				B65B487F9151EC6FE775936F,
			);
			name = Data;
			sourceTree = "<group>";
		};
		88B6BEE4F9EEB210CF2B51AA /* Frameworks */ = {
			isa = PBXGroup;
			children = (
				CA17DA44BEC49FD1A43E8CDD,
				FD6D28E7890FAA939CD18D1A,
				01FC809AF17927543401AEA0,
				C2B28CB69B93A3807C379D8A,
				FC500072665274334B7191B1,
				3F929DFBEF99AF49974292A2,
				3FD4DC3B88B4D9CBE26DBC46,
				D60F774245119BB0391B0AD7,
				30149E11B4054B8D499A57CA,
				2B9C343F3C5AC99E6D43F5FB,
				D767FEBE0A1FFFEDE149E56C,
				D7D534C848D5C76346C6BB2A,
				F6C3F35060C8ED5B1FED2EA3,
			);
			name = Frameworks;
			sourceTree = "<group>";
		};
		A41CF64FE9C1414B1609586F /* Synth */ = {
			isa = PBXGroup;
			children = (
				0FDBA67CF012E99AA49CF07E,
				07CCDD4AAADA8A9C0DF509BE,
				6E8BB532FE129A4E28F7D274,
			);
			name = Synth;
			sourceTree = "<group>";
		};
		A7ADAADE3EED20072D43541B /* UI */ = {
			isa = PBXGroup;
			children = (
				FDE0E76B2D46E58E61BD072D,
				1943DC9F08BE0C679A9EE30D,
				FCA97D71072D8CA73D5966E7,
				DC1AEDCEBEEBBCA47FBA6458,
				F9DDC0D391C18B092CF8A4E8,
				6026AC9C9A9B4572DD7D7688,
				DA34F673210EB5163051E961,
				AE7687A2ED61536686CDF92D,
				7901EF36168F502C11D26053,
				6F4D40031A51635F294AFAD2,
				5D11A07583AB83F861D24FC1,
				813370D1B0AEB79A07C2695C,
			);
			name = UI;
			sourceTree = "<group>";
		};
		BDEBAED1E18E1B3B53D9E90C /* Resources */ = {
			isa = PBXGroup;
			children = (
				6AB636AB6D83151C84212470,
				FB39D8B45C8CC354D7E8471C,
				A21E10D36B75565A65DB5BF6,
				E9BD9F76EFE3B6588AAD7137,
			);
			name = Resources;
			sourceTree = "<group>";
		};
		C02EAD7C71DA4F7E45AE132F /* JUCE Library Code */ = {
			isa = PBXGroup;
			children = (
				0FE878BDF895FF66724D29C4,
				E489F79F23E5C0B12657840A,
				59C44B0DEBE7F7F53BA4F286,
				0D8A806027B30239D9106F9F,
				546B29A66DE3B57E812C4609,
				862116EAD34E6AE0227C1FFE,
				D0D23B03D494490BD88541A3,
				381767506DFA22718D2F12B6,
				65CEFCDC3F3893DB0A484A11,
				5ABBDBFB1447AE72E69D3754,
				6055B9C5CB83FCF6EB46D67D,
				50FC64BF1F9FF2F6A8BDC935,
				D61121EB8E9397429DDDB77A,
				68C4D1A5F2079CA4FA1E633D,
				510BCD666BCFB598953D2BEC,
				60A9368324E2592F504C8170,
				51EFB0745B8A236980B6E05A,
				F918CDB743172181A938FF52,
				04EA1C3531BBF09C78E9488A,
				284C9644A21A0306AB0B56EE,
				09E4B2ABB403DA350C7B8495,
				2BA4A2AC745DE44347BD6DB6,
				C81AD837DD3726914EAFB5E7,
				FDE7989E83F2A84DFEA9ED4C,
				2D4886E416768C3CE6B291BA,
			);
			name = "JUCE Library Code";
			sourceTree = "<group>";
		};
		DA07E96B7EEA29EE39BADCC8 /* Frattalatore */ = {
			isa = PBXGroup;
			children = (
				28E41BEFFEBA4A61EB25EE9A,
			);
			name = Frattalatore;
			sourceTree = "<group>";
		};
		EAA213AFB056C2191349E782 /* Products */ = {
			isa = PBXGroup;
			children = (
				41848212FDF1423208CB524D,
				0A211ECAC252A1349734DF5A,
				CAD18437BC5831D8BC5222AE,
				3F545C59D33D5AC4E6E79E99,
			);
			name = Products;
			sourceTree = "<group>";
		};
		EBCF66E869BAB9C0216A07FB /* Source */ = {
			isa = PBXGroup;
			children = (
				DA07E96B7EEA29EE39BADCC8,
				36DD3E2C8BBCB0C1B66B1500,
				C02EAD7C71DA4F7E45AE132F,
				BDEBAED1E18E1B3B53D9E90C,
				88B6BEE4F9EEB210CF2B51AA,
				EAA213AFB056C2191349E782,
			);
			name = Source;
			sourceTree = "<group>";
		};
/* End PBXGroup section */

/* Begin PBXNativeTarget section */
		232DAC24C79EEEBF5049C35D /* Frattalatore - AU */ = {
			isa = PBXNativeTarget;
			buildConfigurationList = EEE5366D88349A09746F1EC9;
			buildPhases = (
				3A22F0573DF87DAE82EF3465,
				9885D703658DD47CCA4146CF,
				52A8A5E892ACC552744F607C,
				BC57D38A1FD737BFA7161A35,
			);
			buildRules = (
			);
			dependencies = (
				8BAC4615D984B88194D658CA,
			);
			name = "Frattalatore - AU";
			productName = Frattalatore;
			productReference = 0A211ECAC252A1349734DF5A;
			productType = "com.apple.product-type.bundle";
		};
		A716D426DEB235BCE66C75CE /* Frattalatore - Shared Code */ = {
			isa = PBXNativeTarget;
			buildConfigurationList = A7DD92186FC900A8AFD2998E;
			buildPhases = (
				D8895F0570A7481CEE1DFABF,
			);
			buildRules = (
			);
			dependencies = (
			);
			name = "Frattalatore - Shared Code";
			productName = Frattalatore;
			productReference = 3F545C59D33D5AC4E6E79E99;
			productType = "com.apple.product-type.library.static";
		};
		AF51E36FB4E10A8199C81E1A /* Frattalatore - VST3 */ = {
			isa = PBXNativeTarget;
			buildConfigurationList = 0123F1220EB8E73D76C1D583;
			buildPhases = (
				2E79527A7CE1BF32906AA5D2,
				701484295AD8033E7F22B2D7,
				9E5CA3E0918F7A1D790469A3,
			);
			buildRules = (
			);
			dependencies = (
				FE78E004F7AE791E2DDB7C51,
			);
			name = "Frattalatore - VST3";
			productName = Frattalatore;
			productReference = 41848212FDF1423208CB524D;
			productType = "com.apple.product-type.bundle";
		};
		B1348E0D82277D09EF0C8BD3 /* Frattalatore - Standalone Plugin */ = {
			isa = PBXNativeTarget;
			buildConfigurationList = 2DB54E56200639CF96D3102A;
			buildPhases = (
				20D4FCEE759E995B2E32B570,
				FE2DCBD9E9C3C8ABD1C51F32,
				1E9B47085235A827C14DEC4A,
			);
			buildRules = (
			);
			dependencies = (
				F6FC48CEAA3231216B3055FD,
			);
			name = "Frattalatore - Standalone Plugin";
			productName = Frattalatore;
			productReference = CAD18437BC5831D8BC5222AE;
			productType = "com.apple.product-type.application";
		};
/* End PBXNativeTarget section */

/* Begin PBXProject section */
		A004D94A04E632531BBF7A3A = {
			isa = PBXProject;
			attributes = {
				LastUpgradeCheck = 1320;
				ORGANIZATIONNAME = "";
				TargetAttributes = {
					232DAC24C79EEEBF5049C35D = {
						SystemCapabilities = {
							com.apple.ApplicationGroups.iOS = {
								enabled = 0;
							};
							com.apple.HardenedRuntime = {
								enabled = 0;
							};
							com.apple.InAppPurchase = {
								enabled = 0;
							};
							com.apple.InterAppAudio = {
								enabled = 0;
							};
							com.apple.Push = {
								enabled = 0;
							};
							com.apple.Sandbox = {
								enabled = 0;
							};
						};
					};
					A716D426DEB235BCE66C75CE = {
						SystemCapabilities = {
							com.apple.ApplicationGroups.iOS = {
								enabled = 0;
							};
							com.apple.HardenedRuntime = {
								enabled = 0;
							};
							com.apple.InAppPurchase = {
								enabled = 0;
							};
							com.apple.InterAppAudio = {
								enabled = 0;
							};
							com.apple.Push = {
								enabled = 0;
							};
							com.apple.Sandbox = {
								enabled = 0;
							};
						};
					};
					AF51E36FB4E10A8199C81E1A = {
						SystemCapabilities = {
							com.apple.ApplicationGroups.iOS = {
								enabled = 0;
							};
							com.apple.HardenedRuntime = {
								enabled = 0;
							};
							com.apple.InAppPurchase = {
								enabled = 0;
							};
							com.apple.InterAppAudio = {
								enabled = 0;
							};
							com.apple.Push = {
								enabled = 0;
							};
							com.apple.Sandbox = {
								enabled = 0;
							};
						};
					};
					B1348E0D82277D09EF0C8BD3 = {
						SystemCapabilities = {
							com.apple.ApplicationGroups.iOS = {
								enabled = 0;
							};
							com.apple.HardenedRuntime = {
								enabled = 0;
							};
							com.apple.InAppPurchase = {
								enabled = 0;
							};
							com.apple.InterAppAudio = {
								enabled = 0;
							};
							com.apple.Push = {
								enabled = 0;
							};
							com.apple.Sandbox = {
								enabled = 0;
							};
						};
					};
					F5A04D62AA76176948A4B2F1 = {
						SystemCapabilities = {
							com.apple.ApplicationGroups.iOS = {
								enabled = 0;
							};
							com.apple.HardenedRuntime = {
								enabled = 0;
							};
							com.apple.InAppPurchase = {
								enabled = 0;
							};
							com.apple.InterAppAudio = {
								enabled = 0;
							};
							com.apple.Push = {
								enabled = 0;
							};
							com.apple.Sandbox = {
								enabled = 0;
							};
						};
					};
				};
			};
			buildConfigurationList = B01919556FF3939AC4C35DDC;
			compatibilityVersion = "Xcode 3.2";
			hasScannedForEncodings = 0;
			knownRegions = (
				en,
				Base,
			);
			mainGroup = EBCF66E869BAB9C0216A07FB;
			projectDirPath = "";
			projectRoot = "";
			targets = (
				F5A04D62AA76176948A4B2F1,
				AF51E36FB4E10A8199C81E1A,
				232DAC24C79EEEBF5049C35D,
				B1348E0D82277D09EF0C8BD3,
				A716D426DEB235BCE66C75CE,
			);
		};
/* End PBXProject section */

/* Begin PBXResourcesBuildPhase section */
		20D4FCEE759E995B2E32B570 = {
			isa = PBXResourcesBuildPhase;
			buildActionMask = 2147483647;
			files = (
				E47D75F8090CF966AD1FCEB9,
			);
			runOnlyForDeploymentPostprocessing = 0;
		};
		2E79527A7CE1BF32906AA5D2 = {
			isa = PBXResourcesBuildPhase;
			buildActionMask = 2147483647;
			files = (
				E47D75F8090CF966AD1FCEB9,
			);
			runOnlyForDeploymentPostprocessing = 0;
		};
		3A22F0573DF87DAE82EF3465 = {
			isa = PBXResourcesBuildPhase;
			buildActionMask = 2147483647;
			files = (
				E47D75F8090CF966AD1FCEB9,
			);
			runOnlyForDeploymentPostprocessing = 0;
		};
/* End PBXResourcesBuildPhase section */

/* Begin PBXRezBuildPhase section */
		9885D703658DD47CCA4146CF = {
			isa = PBXRezBuildPhase;
			buildActionMask = 2147483647;
			files = (
				313327A8CD625E11A2BD325A,
			);
			runOnlyForDeploymentPostprocessing = 0;
		};
/* End PBXRezBuildPhase section */

/* Begin PBXSourcesBuildPhase section */
		52A8A5E892ACC552744F607C = {
			isa = PBXSourcesBuildPhase;
			buildActionMask = 2147483647;
			files = (
				B6B11037527A879E542A665B,
				CDD0B1F88A6A69293A988EBC,
			);
			runOnlyForDeploymentPostprocessing = 0;
		};
		701484295AD8033E7F22B2D7 = {
			isa = PBXSourcesBuildPhase;
			buildActionMask = 2147483647;
			files = (
				A32396AC93DFE1B7E18580C8,
			);
			runOnlyForDeploymentPostprocessing = 0;
		};
		D8895F0570A7481CEE1DFABF = {
			isa = PBXSourcesBuildPhase;
			buildActionMask = 2147483647;
			files = (
				47BD3280A187433B1C5C42D6,
				79260EEDB8BFDB3CB575CF9B,
				39749BED81020F3AA7DC168E,
				301115F0FBF92BE9605FFBB8,
				D0CF2F6C5277A748B5425954,
				E006C28A8DB5127A9F0EB169,
				31F74B018F9F1CF807A15374,
				98E82757007393F7D2FB875D,
				2068DAC4DB9B79A681F52CC2,
				4305304B457CCACE40191F5A,
				5D96C43B9CF2D1B92B489204,
				EF6D829218BADD7C7BDC06B6,
				96C8EE4EF286BB5246716D45,
				C52DA4C4170A5815C5922B83,
				4BD012F3DB640080877A695F,
				7A203CFC64E07872F7201917,
				934D17D641F5106B2787F75C,
				6202DE6C73178E5CA5C893F4,
				51A4869690D4CEDFC54ED364,
				663EDEB2261FF80BB7553C96,
				9B8B22B684521F487D71B7E8,
				A8FE0F542A582794620EEDF9,
				D44F5884B16A2CBB816DE3FC,
				40ECC267358872F2EEF20AAA,
				692BD38B32884B29CD790826,
				F9910B21B39F30F5F2AB646C,
				B7C0073E8C7952ACF7EF4818,
				55EDB718669CF7AF84F5DD58,
				9C6EECABB434ADCBCAF90E5E,
			);
			runOnlyForDeploymentPostprocessing = 0;
		};
		FE2DCBD9E9C3C8ABD1C51F32 = {
			isa = PBXSourcesBuildPhase;
			buildActionMask = 2147483647;
			files = (
				DE9A943ECE6E748EB8B9BFBE,
			);
			runOnlyForDeploymentPostprocessing = 0;
		};
/* End PBXSourcesBuildPhase section */

/* Begin PBXTargetDependency section */
		164CB9D0E3FF56D549AAD452 = {
			isa = PBXTargetDependency;
			target = 232DAC24C79EEEBF5049C35D;
		};
		58EAF54AC09E52BEE1BB8CDB = {
			isa = PBXTargetDependency;
			target = A716D426DEB235BCE66C75CE;
		};
		8BAC4615D984B88194D658CA = {
			isa = PBXTargetDependency;
			target = A716D426DEB235BCE66C75CE;
		};
		B0AB22509C44EC6AA8A71898 = {
			isa = PBXTargetDependency;
			target = B1348E0D82277D09EF0C8BD3;
		};
		CFB87F05A241C7588366D0DB = {
			isa = PBXTargetDependency;
			target = AF51E36FB4E10A8199C81E1A;
		};
		F6FC48CEAA3231216B3055FD = {
			isa = PBXTargetDependency;
			target = A716D426DEB235BCE66C75CE;
		};
		FE78E004F7AE791E2DDB7C51 = {
			isa = PBXTargetDependency;
			target = A716D426DEB235BCE66C75CE;
		};
/* End PBXTargetDependency section */

/* Begin XCBuildConfiguration section */
		112F998605F574471E277C18 /* Debug */ = {
			isa = XCBuildConfiguration;
			buildSettings = {
				ALWAYS_SEARCH_USER_PATHS = NO;
				CLANG_ENABLE_OBJC_WEAK = YES;
				CLANG_WARN_BLOCK_CAPTURE_AUTORELEASING = YES;
				CLANG_WARN_BOOL_CONVERSION = YES;
				CLANG_WARN_COMMA = YES;
				CLANG_WARN_CONSTANT_CONVERSION = YES;
				CLANG_WARN_DEPRECATED_OBJC_IMPLEMENTATIONS = YES;
				CLANG_WARN_EMPTY_BODY = YES;
				CLANG_WARN_ENUM_CONVERSION = YES;
				CLANG_WARN_INFINITE_RECURSION = YES;
				CLANG_WARN_INT_CONVERSION = YES;
				CLANG_WARN_NON_LITERAL_NULL_CONVERSION = YES;
				CLANG_WARN_OBJC_IMPLICIT_RETAIN_SELF = YES;
				CLANG_WARN_OBJC_LITERAL_CONVERSION = YES;
				CLANG_WARN_RANGE_LOOP_ANALYSIS = YES;
				CLANG_WARN_STRICT_PROTOTYPES = YES;
				CLANG_WARN_SUSPICIOUS_MOVE = YES;
				CLANG_WARN_UNREACHABLE_CODE = YES;
				CLANG_WARN__DUPLICATE_METHOD_MATCH = YES;
				CODE_SIGN_IDENTITY = "";
				DEBUG_INFORMATION_FORMAT = dwarf;
				ENABLE_STRICT_OBJC_MSGSEND = YES;
				ENABLE_TESTABILITY = NO;
				GCC_C_LANGUAGE_STANDARD = c11;
				GCC_INLINES_ARE_PRIVATE_EXTERN = YES;
				GCC_MODEL_TUNING = G5;
				GCC_NO_COMMON_BLOCKS = YES;
				GCC_SYMBOLS_PRIVATE_EXTERN = YES;
				GCC_WARN_64_TO_32_BIT_CONVERSION = YES;
				GCC_WARN_ABOUT_RETURN_TYPE = YES;
				GCC_WARN_CHECK_SWITCH_STATEMENTS = YES;
				GCC_WARN_MISSING_PARENTHESES = YES;
				GCC_WARN_NON_VIRTUAL_DESTRUCTOR = YES;
				GCC_WARN_TYPECHECK_CALLS_TO_PRINTF = YES;
				GCC_WARN_UNDECLARED_SELECTOR = YES;
				GCC_WARN_UNINITIALIZED_AUTOS = YES;
				GCC_WARN_UNUSED_FUNCTION = YES;
				GCC_WARN_UNUSED_VARIABLE = YES;
				ONLY_ACTIVE_ARCH = YES;
				PRODUCT_NAME = "Frattalatore";
				SDKROOT = macosx;
				WARNING_CFLAGS = "-Wreorder";
				ZERO_LINK = NO;
			};
			name = Debug;
		};
		1C12B937E853AFFF083579BF /* Release */ = {
			isa = XCBuildConfiguration;
			buildSettings = {
				CLANG_CXX_LANGUAGE_STANDARD = "c++17";
				CLANG_CXX_LIBRARY = "libc++";
				CLANG_LINK_OBJC_RUNTIME = NO;
				CODE_SIGN_IDENTITY = "";
				COMBINE_HIDPI_IMAGES = YES;
				CONFIGURATION_BUILD_DIR = "$(PROJECT_DIR)/build/$(CONFIGURATION)";
				DEAD_CODE_STRIPPING = YES;
				EXCLUDED_ARCHS = "";
				GCC_GENERATE_DEBUGGING_SYMBOLS = NO;
				GCC_OPTIMIZATION_LEVEL = 3;
				GCC_PREPROCESSOR_DEFINITIONS = (
					"_NDEBUG=1",
					"NDEBUG=1",
					"JUCE_DISPLAY_SPLASH_SCREEN=1",
					"JUCE_USE_DARK_SPLASH_SCREEN=1",
					"JUCE_PROJUCER_VERSION=0x60106",
					"JUCE_MODULE_AVAILABLE_juce_audio_basics=1",
					"JUCE_MODULE_AVAILABLE_juce_audio_devices=1",
					"JUCE_MODULE_AVAILABLE_juce_audio_formats=1",
					"JUCE_MODULE_AVAILABLE_juce_audio_plugin_client=1",
					"JUCE_MODULE_AVAILABLE_juce_audio_processors=1",
					"JUCE_MODULE_AVAILABLE_juce_audio_utils=1",
					"JUCE_MODULE_AVAILABLE_juce_core=1",
					"JUCE_MODULE_AVAILABLE_juce_cryptography=1",
					"JUCE_MODULE_AVAILABLE_juce_data_structures=1",
					"JUCE_MODULE_AVAILABLE_juce_dsp=1",
					"JUCE_MODULE_AVAILABLE_juce_events=1",
					"JUCE_MODULE_AVAILABLE_juce_graphics=1",
					"JUCE_MODULE_AVAILABLE_juce_gui_basics=1",
					"JUCE_MODULE_AVAILABLE_juce_gui_extra=1",
					"JUCE_MODULE_AVAILABLE_juce_osc=1",
					"JUCE_GLOBAL_MODULE_SETTINGS_INCLUDED=1",
					"JUCE_VST3_CAN_REPLACE_VST2=0",
					"JUCE_STRICT_REFCOUNTEDPOINTER=1",
					"JucePlugin_Build_VST=0",
					"JucePlugin_Build_VST3=0",
					"JucePlugin_Build_AU=0",
					"JucePlugin_Build_AUv3=0",
					"JucePlugin_Build_RTAS=0",
					"JucePlugin_Build_AAX=0",
					"JucePlugin_Build_Standalone=1",
					"JucePlugin_Build_Unity=0",
					"JucePlugin_Enable_IAA=0",
					"JucePlugin_Name=\\\"Frattalatore\\\"",
					"JucePlugin_Desc=\\\"Frattalatore\\\"",
					"JucePlugin_Manufacturer=\\\"yourcompany\\\"",
					"JucePlugin_ManufacturerWebsite=\\\"\\\"",
					"JucePlugin_ManufacturerEmail=\\\"\\\"",
					"JucePlugin_ManufacturerCode=0x4d616e75",
					"JucePlugin_PluginCode=0x42686c6c",
					"JucePlugin_IsSynth=1",
					"JucePlugin_WantsMidiInput=1",
					"JucePlugin_ProducesMidiOutput=1",
					"JucePlugin_IsMidiEffect=0",
					"JucePlugin_EditorRequiresKeyboardFocus=0",
					"JucePlugin_Version=1.0.0",
					"JucePlugin_VersionCode=0x10000",
					"JucePlugin_VersionString=\\\"1.0.0\\\"",
					"JucePlugin_VSTUniqueID=JucePlugin_PluginCode",
					"JucePlugin_VSTCategory=kPlugCategSynth",
					"JucePlugin_Vst3Category=\\\"Instrument|Synth\\\"",
					"JucePlugin_AUMainType=\\'aumu\\'",
					"JucePlugin_AUSubType=JucePlugin_PluginCode",
					"JucePlugin_AUExportPrefix=FrattalatoreAU",
					"JucePlugin_AUExportPrefixQuoted=\\\"FrattalatoreAU\\\"",
					"JucePlugin_AUManufacturerCode=JucePlugin_ManufacturerCode",
					"JucePlugin_CFBundleIdentifier=com.yourcompany.Frattalatore",
					"JucePlugin_RTASCategory=2048",
					"JucePlugin_RTASManufacturerCode=JucePlugin_ManufacturerCode",
					"JucePlugin_RTASProductId=JucePlugin_PluginCode",
					"JucePlugin_RTASDisableBypass=0",
					"JucePlugin_RTASDisableMultiMono=0",
					"JucePlugin_AAXIdentifier=com.yourcompany.Frattalatore",
					"JucePlugin_AAXManufacturerCode=JucePlugin_ManufacturerCode",
					"JucePlugin_AAXProductId=JucePlugin_PluginCode",
					"JucePlugin_AAXCategory=2048",
					"JucePlugin_AAXDisableBypass=0",
					"JucePlugin_AAXDisableMultiMono=0",
					"JucePlugin_IAAType=0x61757269",
					"JucePlugin_IAASubType=JucePlugin_PluginCode",
					"JucePlugin_IAAName=\\\"yourcompany:\\ Frattalatore\\\"",
					"JucePlugin_VSTNumMidiInputs=16",
					"JucePlugin_VSTNumMidiOutputs=16",
					"JUCE_STANDALONE_APPLICATION=JucePlugin_Build_Standalone",
					"JUCER_XCODE_MAC_F6D2F4CF=1",
					"JUCE_APP_VERSION=1.0.0",
					"JUCE_APP_VERSION_HEX=0x10000",
				);
				GCC_VERSION = com.apple.compilers.llvm.clang.1_0;
				HEADER_SEARCH_PATHS = (
					"$(HOME)/JUCE/modules/juce_audio_processors/format_types/VST3_SDK",
					"$(SRCROOT)/../../JuceLibraryCode",
					"$(HOME)/JUCE/modules",
					"$(HOME)/JUCE/modules/juce_audio_plugin_client",
					"$(inherited)",
				);
				INFOPLIST_FILE = Info-Standalone_Plugin.plist;
				INFOPLIST_PREPROCESS = NO;
				LLVM_LTO = YES;
				MACOSX_DEPLOYMENT_TARGET = 10.11;
				MTL_HEADER_SEARCH_PATHS = "$(HOME)/JUCE/modules/juce_audio_processors/format_types/VST3_SDK $(SRCROOT)/../../JuceLibraryCode $(HOME)/JUCE/modules $(HOME)/JUCE/modules/juce_audio_plugin_client";
				OTHER_LDFLAGS = "-lFrattalatore";
				PRODUCT_BUNDLE_IDENTIFIER = com.yourcompany.Frattalatore;
				PRODUCT_NAME = "Frattalatore";
				USE_HEADERMAP = NO;
				VALID_ARCHS = "i386 x86_64 arm64 arm64e";
			};
			name = Release;
		};
		2743C4B1F9D39430A7764250 /* Debug */ = {
			isa = XCBuildConfiguration;
			buildSettings = {
				CLANG_CXX_LANGUAGE_STANDARD = "c++17";
				CLANG_CXX_LIBRARY = "libc++";
				CLANG_LINK_OBJC_RUNTIME = NO;
				CODE_SIGN_IDENTITY = "";
				COMBINE_HIDPI_IMAGES = YES;
				CONFIGURATION_BUILD_DIR = "$(PROJECT_DIR)/build/$(CONFIGURATION)";
				COPY_PHASE_STRIP = NO;
				DEPLOYMENT_LOCATION = YES;
				DSTROOT = /;
				EXCLUDED_ARCHS = "";
				GCC_DYNAMIC_NO_PIC = NO;
				GCC_OPTIMIZATION_LEVEL = 0;
				GCC_PREPROCESSOR_DEFINITIONS = (
					"_DEBUG=1",
					"DEBUG=1",
					"JUCE_DISPLAY_SPLASH_SCREEN=1",
					"JUCE_USE_DARK_SPLASH_SCREEN=1",
					"JUCE_PROJUCER_VERSION=0x60106",
					"JUCE_MODULE_AVAILABLE_juce_audio_basics=1",
					"JUCE_MODULE_AVAILABLE_juce_audio_devices=1",
					"JUCE_MODULE_AVAILABLE_juce_audio_formats=1",
					"JUCE_MODULE_AVAILABLE_juce_audio_plugin_client=1",
					"JUCE_MODULE_AVAILABLE_juce_audio_processors=1",
					"JUCE_MODULE_AVAILABLE_juce_audio_utils=1",
					"JUCE_MODULE_AVAILABLE_juce_core=1",
					"JUCE_MODULE_AVAILABLE_juce_cryptography=1",
					"JUCE_MODULE_AVAILABLE_juce_data_structures=1",
					"JUCE_MODULE_AVAILABLE_juce_dsp=1",
					"JUCE_MODULE_AVAILABLE_juce_events=1",
					"JUCE_MODULE_AVAILABLE_juce_graphics=1",
					"JUCE_MODULE_AVAILABLE_juce_gui_basics=1",
					"JUCE_MODULE_AVAILABLE_juce_gui_extra=1",
					"JUCE_MODULE_AVAILABLE_juce_osc=1",
					"JUCE_GLOBAL_MODULE_SETTINGS_INCLUDED=1",
					"JUCE_VST3_CAN_REPLACE_VST2=0",
					"JUCE_STRICT_REFCOUNTEDPOINTER=1",
					"JucePlugin_Build_VST=0",
					"JucePlugin_Build_VST3=0",
					"JucePlugin_Build_AU=1",
					"JucePlugin_Build_AUv3=0",
					"JucePlugin_Build_RTAS=0",
					"JucePlugin_Build_AAX=0",
					"JucePlugin_Build_Standalone=0",
					"JucePlugin_Build_Unity=0",
					"JucePlugin_Enable_IAA=0",
					"JucePlugin_Name=\\\"Frattalatore\\\"",
					"JucePlugin_Desc=\\\"Frattalatore\\\"",
					"JucePlugin_Manufacturer=\\\"yourcompany\\\"",
					"JucePlugin_ManufacturerWebsite=\\\"\\\"",
					"JucePlugin_ManufacturerEmail=\\\"\\\"",
					"JucePlugin_ManufacturerCode=0x4d616e75",
					"JucePlugin_PluginCode=0x42686c6c",
					"JucePlugin_IsSynth=1",
					"JucePlugin_WantsMidiInput=1",
					"JucePlugin_ProducesMidiOutput=1",
					"JucePlugin_IsMidiEffect=0",
					"JucePlugin_EditorRequiresKeyboardFocus=0",
					"JucePlugin_Version=1.0.0",
					"JucePlugin_VersionCode=0x10000",
					"JucePlugin_VersionString=\\\"1.0.0\\\"",
					"JucePlugin_VSTUniqueID=JucePlugin_PluginCode",
					"JucePlugin_VSTCategory=kPlugCategSynth",
					"JucePlugin_Vst3Category=\\\"Instrument|Synth\\\"",
					"JucePlugin_AUMainType=\\'aumu\\'",
					"JucePlugin_AUSubType=JucePlugin_PluginCode",
					"JucePlugin_AUExportPrefix=FrattalatoreAU",
					"JucePlugin_AUExportPrefixQuoted=\\\"FrattalatoreAU\\\"",
					"JucePlugin_AUManufacturerCode=JucePlugin_ManufacturerCode",
					"JucePlugin_CFBundleIdentifier=com.yourcompany.Frattalatore",
					"JucePlugin_RTASCategory=2048",
					"JucePlugin_RTASManufacturerCode=JucePlugin_ManufacturerCode",
					"JucePlugin_RTASProductId=JucePlugin_PluginCode",
					"JucePlugin_RTASDisableBypass=0",
					"JucePlugin_RTASDisableMultiMono=0",
					"JucePlugin_AAXIdentifier=com.yourcompany.Frattalatore",
					"JucePlugin_AAXManufacturerCode=JucePlugin_ManufacturerCode",
					"JucePlugin_AAXProductId=JucePlugin_PluginCode",
					"JucePlugin_AAXCategory=2048",
					"JucePlugin_AAXDisableBypass=0",
					"JucePlugin_AAXDisableMultiMono=0",
					"JucePlugin_IAAType=0x61757269",
					"JucePlugin_IAASubType=JucePlugin_PluginCode",
					"JucePlugin_IAAName=\\\"yourcompany:\\ Frattalatore\\\"",
					"JucePlugin_VSTNumMidiInputs=16",
					"JucePlugin_VSTNumMidiOutputs=16",
					"JUCE_STANDALONE_APPLICATION=JucePlugin_Build_Standalone",
					"JUCER_XCODE_MAC_F6D2F4CF=1",
					"JUCE_APP_VERSION=1.0.0",
					"JUCE_APP_VERSION_HEX=0x10000",
				);
				GCC_VERSION = com.apple.compilers.llvm.clang.1_0;
				GENERATE_PKGINFO_FILE = YES;
				HEADER_SEARCH_PATHS = (
					"$(HOME)/JUCE/modules/juce_audio_processors/format_types/VST3_SDK",
					"$(SRCROOT)/../../JuceLibraryCode",
					"$(HOME)/JUCE/modules",
					"$(HOME)/JUCE/modules/juce_audio_plugin_client",
					"$(inherited)",
				);
				INFOPLIST_FILE = Info-AU.plist;
				INFOPLIST_PREPROCESS = NO;
				INSTALL_PATH = "$(HOME)/Library/Audio/Plug-Ins/Components/";
				LIBRARY_STYLE = Bundle;
				MACOSX_DEPLOYMENT_TARGET = 10.11;
				MTL_HEADER_SEARCH_PATHS = "$(HOME)/JUCE/modules/juce_audio_processors/format_types/VST3_SDK $(SRCROOT)/../../JuceLibraryCode $(HOME)/JUCE/modules $(HOME)/JUCE/modules/juce_audio_plugin_client";
				OTHER_LDFLAGS = "-bundle -lFrattalatore";
				OTHER_REZFLAGS = "-d ppc_$ppc -d i386_$i386 -d ppc64_$ppc64 -d x86_64_$x86_64 -d arm64_$arm64 -I /System/Library/Frameworks/CoreServices.framework/Frameworks/CarbonCore.framework/Versions/A/Headers -I \"$(DEVELOPER_DIR)/Extras/CoreAudio/AudioUnits/AUPublic/AUBase\" -I \"$(DEVELOPER_DIR)/Platforms/MacOSX.platform/Developer/SDKs/MacOSX.sdk/System/Library/Frameworks/AudioUnit.framework/Headers\"";
				PRODUCT_BUNDLE_IDENTIFIER = com.yourcompany.Frattalatore;
				PRODUCT_NAME = "Frattalatore";
				USE_HEADERMAP = NO;
				VALID_ARCHS = "i386 x86_64 arm64 arm64e";
				WRAPPER_EXTENSION = component;
			};
			name = Debug;
		};
		3541AC4D137AD29E4DA20A78 /* Debug */ = {
			isa = XCBuildConfiguration;
			buildSettings = {
				MACOSX_DEPLOYMENT_TARGET = 10.11;
				SDKROOT = macosx;
			};
			name = Debug;
		};
		3E04796DDECC9EFFE66E13A6 /* Release */ = {
			isa = XCBuildConfiguration;
			buildSettings = {
				ALWAYS_SEARCH_USER_PATHS = NO;
				CLANG_ENABLE_OBJC_WEAK = YES;
				CLANG_WARN_BLOCK_CAPTURE_AUTORELEASING = YES;
				CLANG_WARN_BOOL_CONVERSION = YES;
				CLANG_WARN_COMMA = YES;
				CLANG_WARN_CONSTANT_CONVERSION = YES;
				CLANG_WARN_DEPRECATED_OBJC_IMPLEMENTATIONS = YES;
				CLANG_WARN_EMPTY_BODY = YES;
				CLANG_WARN_ENUM_CONVERSION = YES;
				CLANG_WARN_INFINITE_RECURSION = YES;
				CLANG_WARN_INT_CONVERSION = YES;
				CLANG_WARN_NON_LITERAL_NULL_CONVERSION = YES;
				CLANG_WARN_OBJC_IMPLICIT_RETAIN_SELF = YES;
				CLANG_WARN_OBJC_LITERAL_CONVERSION = YES;
				CLANG_WARN_RANGE_LOOP_ANALYSIS = YES;
				CLANG_WARN_STRICT_PROTOTYPES = YES;
				CLANG_WARN_SUSPICIOUS_MOVE = YES;
				CLANG_WARN_UNREACHABLE_CODE = YES;
				CLANG_WARN__DUPLICATE_METHOD_MATCH = YES;
				CODE_SIGN_IDENTITY = "";
				DEBUG_INFORMATION_FORMAT = dwarf;
				ENABLE_STRICT_OBJC_MSGSEND = YES;
				ENABLE_TESTABILITY = NO;
				GCC_C_LANGUAGE_STANDARD = c11;
				GCC_INLINES_ARE_PRIVATE_EXTERN = YES;
				GCC_MODEL_TUNING = G5;
				GCC_NO_COMMON_BLOCKS = YES;
				GCC_SYMBOLS_PRIVATE_EXTERN = YES;
				GCC_WARN_64_TO_32_BIT_CONVERSION = YES;
				GCC_WARN_ABOUT_RETURN_TYPE = YES;
				GCC_WARN_CHECK_SWITCH_STATEMENTS = YES;
				GCC_WARN_MISSING_PARENTHESES = YES;
				GCC_WARN_NON_VIRTUAL_DESTRUCTOR = YES;
				GCC_WARN_TYPECHECK_CALLS_TO_PRINTF = YES;
				GCC_WARN_UNDECLARED_SELECTOR = YES;
				GCC_WARN_UNINITIALIZED_AUTOS = YES;
				GCC_WARN_UNUSED_FUNCTION = YES;
				GCC_WARN_UNUSED_VARIABLE = YES;
				PRODUCT_NAME = "Frattalatore";
				SDKROOT = macosx;
				WARNING_CFLAGS = "-Wreorder";
				ZERO_LINK = NO;
			};
			name = Release;
		};
		49591C9319FD1B6DB928487D /* Release */ = {
			isa = XCBuildConfiguration;
			buildSettings = {
				CLANG_CXX_LANGUAGE_STANDARD = "c++17";
				CLANG_CXX_LIBRARY = "libc++";
				CLANG_LINK_OBJC_RUNTIME = NO;
				CODE_SIGN_IDENTITY = "";
				COMBINE_HIDPI_IMAGES = YES;
				CONFIGURATION_BUILD_DIR = "$(PROJECT_DIR)/build/$(CONFIGURATION)";
				DEAD_CODE_STRIPPING = YES;
				EXCLUDED_ARCHS = "";
				GCC_GENERATE_DEBUGGING_SYMBOLS = NO;
				GCC_OPTIMIZATION_LEVEL = 3;
				GCC_PREPROCESSOR_DEFINITIONS = (
					"_NDEBUG=1",
					"NDEBUG=1",
					"JUCE_DISPLAY_SPLASH_SCREEN=1",
					"JUCE_USE_DARK_SPLASH_SCREEN=1",
					"JUCE_PROJUCER_VERSION=0x60106",
					"JUCE_MODULE_AVAILABLE_juce_audio_basics=1",
					"JUCE_MODULE_AVAILABLE_juce_audio_devices=1",
					"JUCE_MODULE_AVAILABLE_juce_audio_formats=1",
					"JUCE_MODULE_AVAILABLE_juce_audio_plugin_client=1",
					"JUCE_MODULE_AVAILABLE_juce_audio_processors=1",
					"JUCE_MODULE_AVAILABLE_juce_audio_utils=1",
					"JUCE_MODULE_AVAILABLE_juce_core=1",
					"JUCE_MODULE_AVAILABLE_juce_cryptography=1",
					"JUCE_MODULE_AVAILABLE_juce_data_structures=1",
					"JUCE_MODULE_AVAILABLE_juce_dsp=1",
					"JUCE_MODULE_AVAILABLE_juce_events=1",
					"JUCE_MODULE_AVAILABLE_juce_graphics=1",
					"JUCE_MODULE_AVAILABLE_juce_gui_basics=1",
					"JUCE_MODULE_AVAILABLE_juce_gui_extra=1",
					"JUCE_MODULE_AVAILABLE_juce_osc=1",
					"JUCE_GLOBAL_MODULE_SETTINGS_INCLUDED=1",
					"JUCE_VST3_CAN_REPLACE_VST2=0",
					"JUCE_STRICT_REFCOUNTEDPOINTER=1",
					"JucePlugin_Build_VST=0",
					"JucePlugin_Build_VST3=1",
					"JucePlugin_Build_AU=1",
					"JucePlugin_Build_AUv3=0",
					"JucePlugin_Build_RTAS=0",
					"JucePlugin_Build_AAX=0",
					"JucePlugin_Build_Standalone=1",
					"JucePlugin_Build_Unity=0",
					"JucePlugin_Enable_IAA=0",
					"JucePlugin_Name=\\\"Frattalatore\\\"",
					"JucePlugin_Desc=\\\"Frattalatore\\\"",
					"JucePlugin_Manufacturer=\\\"yourcompany\\\"",
					"JucePlugin_ManufacturerWebsite=\\\"\\\"",
					"JucePlugin_ManufacturerEmail=\\\"\\\"",
					"JucePlugin_ManufacturerCode=0x4d616e75",
					"JucePlugin_PluginCode=0x42686c6c",
					"JucePlugin_IsSynth=1",
					"JucePlugin_WantsMidiInput=1",
					"JucePlugin_ProducesMidiOutput=1",
					"JucePlugin_IsMidiEffect=0",
					"JucePlugin_EditorRequiresKeyboardFocus=0",
					"JucePlugin_Version=1.0.0",
					"JucePlugin_VersionCode=0x10000",
					"JucePlugin_VersionString=\\\"1.0.0\\\"",
					"JucePlugin_VSTUniqueID=JucePlugin_PluginCode",
					"JucePlugin_VSTCategory=kPlugCategSynth",
					"JucePlugin_Vst3Category=\\\"Instrument|Synth\\\"",
					"JucePlugin_AUMainType=\\'aumu\\'",
					"JucePlugin_AUSubType=JucePlugin_PluginCode",
					"JucePlugin_AUExportPrefix=FrattalatoreAU",
					"JucePlugin_AUExportPrefixQuoted=\\\"FrattalatoreAU\\\"",
					"JucePlugin_AUManufacturerCode=JucePlugin_ManufacturerCode",
					"JucePlugin_CFBundleIdentifier=com.yourcompany.Frattalatore",
					"JucePlugin_RTASCategory=2048",
					"JucePlugin_RTASManufacturerCode=JucePlugin_ManufacturerCode",
					"JucePlugin_RTASProductId=JucePlugin_PluginCode",
					"JucePlugin_RTASDisableBypass=0",
					"JucePlugin_RTASDisableMultiMono=0",
					"JucePlugin_AAXIdentifier=com.yourcompany.Frattalatore",
					"JucePlugin_AAXManufacturerCode=JucePlugin_ManufacturerCode",
					"JucePlugin_AAXProductId=JucePlugin_PluginCode",
					"JucePlugin_AAXCategory=2048",
					"JucePlugin_AAXDisableBypass=0",
					"JucePlugin_AAXDisableMultiMono=0",
					"JucePlugin_IAAType=0x61757269",
					"JucePlugin_IAASubType=JucePlugin_PluginCode",
					"JucePlugin_IAAName=\\\"yourcompany:\\ Frattalatore\\\"",
					"JucePlugin_VSTNumMidiInputs=16",
					"JucePlugin_VSTNumMidiOutputs=16",
					"JUCE_STANDALONE_APPLICATION=JucePlugin_Build_Standalone",
					"JUCER_XCODE_MAC_F6D2F4CF=1",
					"JUCE_APP_VERSION=1.0.0",
					"JUCE_APP_VERSION_HEX=0x10000",
					"JUCE_SHARED_CODE=1",
				);
				GCC_VERSION = com.apple.compilers.llvm.clang.1_0;
				HEADER_SEARCH_PATHS = (
					"$(HOME)/JUCE/modules/juce_audio_processors/format_types/VST3_SDK",
					"$(SRCROOT)/../../JuceLibraryCode",
					"$(HOME)/JUCE/modules",
					"$(HOME)/JUCE/modules/juce_audio_plugin_client",
					"$(inherited)",
				);
				INSTALL_PATH = "@executable_path/../Frameworks";
				LLVM_LTO = YES;
				MACOSX_DEPLOYMENT_TARGET = 10.11;
				MTL_HEADER_SEARCH_PATHS = "$(HOME)/JUCE/modules/juce_audio_processors/format_types/VST3_SDK $(SRCROOT)/../../JuceLibraryCode $(HOME)/JUCE/modules $(HOME)/JUCE/modules/juce_audio_plugin_client";
				PRODUCT_BUNDLE_IDENTIFIER = com.yourcompany.Frattalatore;
				PRODUCT_NAME = "Frattalatore";
				SKIP_INSTALL = YES;
				USE_HEADERMAP = NO;
				VALID_ARCHS = "i386 x86_64 arm64 arm64e";
			};
			name = Release;
		};
		5608DB722D72DECE78196572 /* Release */ = {
			isa = XCBuildConfiguration;
			buildSettings = {
				CLANG_CXX_LANGUAGE_STANDARD = "c++17";
				CLANG_CXX_LIBRARY = "libc++";
				CLANG_LINK_OBJC_RUNTIME = NO;
				CODE_SIGN_IDENTITY = "";
				COMBINE_HIDPI_IMAGES = YES;
				CONFIGURATION_BUILD_DIR = "$(PROJECT_DIR)/build/$(CONFIGURATION)";
				DEAD_CODE_STRIPPING = YES;
				DEPLOYMENT_LOCATION = YES;
				DSTROOT = /;
				EXCLUDED_ARCHS = "";
				GCC_GENERATE_DEBUGGING_SYMBOLS = NO;
				GCC_OPTIMIZATION_LEVEL = 3;
				GCC_PREPROCESSOR_DEFINITIONS = (
					"_NDEBUG=1",
					"NDEBUG=1",
					"JUCE_DISPLAY_SPLASH_SCREEN=1",
					"JUCE_USE_DARK_SPLASH_SCREEN=1",
					"JUCE_PROJUCER_VERSION=0x60106",
					"JUCE_MODULE_AVAILABLE_juce_audio_basics=1",
					"JUCE_MODULE_AVAILABLE_juce_audio_devices=1",
					"JUCE_MODULE_AVAILABLE_juce_audio_formats=1",
					"JUCE_MODULE_AVAILABLE_juce_audio_plugin_client=1",
					"JUCE_MODULE_AVAILABLE_juce_audio_processors=1",
					"JUCE_MODULE_AVAILABLE_juce_audio_utils=1",
					"JUCE_MODULE_AVAILABLE_juce_core=1",
					"JUCE_MODULE_AVAILABLE_juce_cryptography=1",
					"JUCE_MODULE_AVAILABLE_juce_data_structures=1",
					"JUCE_MODULE_AVAILABLE_juce_dsp=1",
					"JUCE_MODULE_AVAILABLE_juce_events=1",
					"JUCE_MODULE_AVAILABLE_juce_graphics=1",
					"JUCE_MODULE_AVAILABLE_juce_gui_basics=1",
					"JUCE_MODULE_AVAILABLE_juce_gui_extra=1",
					"JUCE_MODULE_AVAILABLE_juce_osc=1",
					"JUCE_GLOBAL_MODULE_SETTINGS_INCLUDED=1",
					"JUCE_VST3_CAN_REPLACE_VST2=0",
					"JUCE_STRICT_REFCOUNTEDPOINTER=1",
					"JucePlugin_Build_VST=0",
					"JucePlugin_Build_VST3=0",
					"JucePlugin_Build_AU=1",
					"JucePlugin_Build_AUv3=0",
					"JucePlugin_Build_RTAS=0",
					"JucePlugin_Build_AAX=0",
					"JucePlugin_Build_Standalone=0",
					"JucePlugin_Build_Unity=0",
					"JucePlugin_Enable_IAA=0",
					"JucePlugin_Name=\\\"Frattalatore\\\"",
					"JucePlugin_Desc=\\\"Frattalatore\\\"",
					"JucePlugin_Manufacturer=\\\"yourcompany\\\"",
					"JucePlugin_ManufacturerWebsite=\\\"\\\"",
					"JucePlugin_ManufacturerEmail=\\\"\\\"",
					"JucePlugin_ManufacturerCode=0x4d616e75",
					"JucePlugin_PluginCode=0x42686c6c",
					"JucePlugin_IsSynth=1",
					"JucePlugin_WantsMidiInput=1",
					"JucePlugin_ProducesMidiOutput=1",
					"JucePlugin_IsMidiEffect=0",
					"JucePlugin_EditorRequiresKeyboardFocus=0",
					"JucePlugin_Version=1.0.0",
					"JucePlugin_VersionCode=0x10000",
					"JucePlugin_VersionString=\\\"1.0.0\\\"",
					"JucePlugin_VSTUniqueID=JucePlugin_PluginCode",
					"JucePlugin_VSTCategory=kPlugCategSynth",
					"JucePlugin_Vst3Category=\\\"Instrument|Synth\\\"",
					"JucePlugin_AUMainType=\\'aumu\\'",
					"JucePlugin_AUSubType=JucePlugin_PluginCode",
					"JucePlugin_AUExportPrefix=FrattalatoreAU",
					"JucePlugin_AUExportPrefixQuoted=\\\"FrattalatoreAU\\\"",
					"JucePlugin_AUManufacturerCode=JucePlugin_ManufacturerCode",
					"JucePlugin_CFBundleIdentifier=com.yourcompany.Frattalatore",
					"JucePlugin_RTASCategory=2048",
					"JucePlugin_RTASManufacturerCode=JucePlugin_ManufacturerCode",
					"JucePlugin_RTASProductId=JucePlugin_PluginCode",
					"JucePlugin_RTASDisableBypass=0",
					"JucePlugin_RTASDisableMultiMono=0",
					"JucePlugin_AAXIdentifier=com.yourcompany.Frattalatore",
					"JucePlugin_AAXManufacturerCode=JucePlugin_ManufacturerCode",
					"JucePlugin_AAXProductId=JucePlugin_PluginCode",
					"JucePlugin_AAXCategory=2048",
					"JucePlugin_AAXDisableBypass=0",
					"JucePlugin_AAXDisableMultiMono=0",
					"JucePlugin_IAAType=0x61757269",
					"JucePlugin_IAASubType=JucePlugin_PluginCode",
					"JucePlugin_IAAName=\\\"yourcompany:\\ Frattalatore\\\"",
					"JucePlugin_VSTNumMidiInputs=16",
					"JucePlugin_VSTNumMidiOutputs=16",
					"JUCE_STANDALONE_APPLICATION=JucePlugin_Build_Standalone",
					"JUCER_XCODE_MAC_F6D2F4CF=1",
					"JUCE_APP_VERSION=1.0.0",
					"JUCE_APP_VERSION_HEX=0x10000",
				);
				GCC_VERSION = com.apple.compilers.llvm.clang.1_0;
				GENERATE_PKGINFO_FILE = YES;
				HEADER_SEARCH_PATHS = (
					"$(HOME)/JUCE/modules/juce_audio_processors/format_types/VST3_SDK",
					"$(SRCROOT)/../../JuceLibraryCode",
					"$(HOME)/JUCE/modules",
					"$(HOME)/JUCE/modules/juce_audio_plugin_client",
					"$(inherited)",
				);
				INFOPLIST_FILE = Info-AU.plist;
				INFOPLIST_PREPROCESS = NO;
				INSTALL_PATH = "$(HOME)/Library/Audio/Plug-Ins/Components/";
				LIBRARY_STYLE = Bundle;
				LLVM_LTO = YES;
				MACOSX_DEPLOYMENT_TARGET = 10.11;
				MTL_HEADER_SEARCH_PATHS = "$(HOME)/JUCE/modules/juce_audio_processors/format_types/VST3_SDK $(SRCROOT)/../../JuceLibraryCode $(HOME)/JUCE/modules $(HOME)/JUCE/modules/juce_audio_plugin_client";
				OTHER_LDFLAGS = "-bundle -lFrattalatore";
				OTHER_REZFLAGS = "-d ppc_$ppc -d i386_$i386 -d ppc64_$ppc64 -d x86_64_$x86_64 -d arm64_$arm64 -I /System/Library/Frameworks/CoreServices.framework/Frameworks/CarbonCore.framework/Versions/A/Headers -I \"$(DEVELOPER_DIR)/Extras/CoreAudio/AudioUnits/AUPublic/AUBase\" -I \"$(DEVELOPER_DIR)/Platforms/MacOSX.platform/Developer/SDKs/MacOSX.sdk/System/Library/Frameworks/AudioUnit.framework/Headers\"";
				PRODUCT_BUNDLE_IDENTIFIER = com.yourcompany.Frattalatore;
				PRODUCT_NAME = "Frattalatore";
				USE_HEADERMAP = NO;
				VALID_ARCHS = "i386 x86_64 arm64 arm64e";
				WRAPPER_EXTENSION = component;
			};
			name = Release;
		};
		6262F98206843ADFCB04F9DF /* Debug */ = {
			isa = XCBuildConfiguration;
			buildSettings = {
				CLANG_CXX_LANGUAGE_STANDARD = "c++17";
				CLANG_CXX_LIBRARY = "libc++";
				CLANG_LINK_OBJC_RUNTIME = NO;
				CODE_SIGN_IDENTITY = "";
				COMBINE_HIDPI_IMAGES = YES;
				CONFIGURATION_BUILD_DIR = "$(PROJECT_DIR)/build/$(CONFIGURATION)";
				COPY_PHASE_STRIP = NO;
				DEPLOYMENT_LOCATION = YES;
				DSTROOT = /;
				EXCLUDED_ARCHS = "";
				GCC_DYNAMIC_NO_PIC = NO;
				GCC_OPTIMIZATION_LEVEL = 0;
				GCC_PREPROCESSOR_DEFINITIONS = (
					"_DEBUG=1",
					"DEBUG=1",
					"JUCE_DISPLAY_SPLASH_SCREEN=1",
					"JUCE_USE_DARK_SPLASH_SCREEN=1",
					"JUCE_PROJUCER_VERSION=0x60106",
					"JUCE_MODULE_AVAILABLE_juce_audio_basics=1",
					"JUCE_MODULE_AVAILABLE_juce_audio_devices=1",
					"JUCE_MODULE_AVAILABLE_juce_audio_formats=1",
					"JUCE_MODULE_AVAILABLE_juce_audio_plugin_client=1",
					"JUCE_MODULE_AVAILABLE_juce_audio_processors=1",
					"JUCE_MODULE_AVAILABLE_juce_audio_utils=1",
					"JUCE_MODULE_AVAILABLE_juce_core=1",
					"JUCE_MODULE_AVAILABLE_juce_cryptography=1",
					"JUCE_MODULE_AVAILABLE_juce_data_structures=1",
					"JUCE_MODULE_AVAILABLE_juce_dsp=1",
					"JUCE_MODULE_AVAILABLE_juce_events=1",
					"JUCE_MODULE_AVAILABLE_juce_graphics=1",
					"JUCE_MODULE_AVAILABLE_juce_gui_basics=1",
					"JUCE_MODULE_AVAILABLE_juce_gui_extra=1",
					"JUCE_MODULE_AVAILABLE_juce_osc=1",
					"JUCE_GLOBAL_MODULE_SETTINGS_INCLUDED=1",
					"JUCE_VST3_CAN_REPLACE_VST2=0",
					"JUCE_STRICT_REFCOUNTEDPOINTER=1",
					"JucePlugin_Build_VST=0",
					"JucePlugin_Build_VST3=1",
					"JucePlugin_Build_AU=0",
					"JucePlugin_Build_AUv3=0",
					"JucePlugin_Build_RTAS=0",
					"JucePlugin_Build_AAX=0",
					"JucePlugin_Build_Standalone=0",
					"JucePlugin_Build_Unity=0",
					"JucePlugin_Enable_IAA=0",
					"JucePlugin_Name=\\\"Frattalatore\\\"",
					"JucePlugin_Desc=\\\"Frattalatore\\\"",
					"JucePlugin_Manufacturer=\\\"yourcompany\\\"",
					"JucePlugin_ManufacturerWebsite=\\\"\\\"",
					"JucePlugin_ManufacturerEmail=\\\"\\\"",
					"JucePlugin_ManufacturerCode=0x4d616e75",
					"JucePlugin_PluginCode=0x42686c6c",
					"JucePlugin_IsSynth=1",
					"JucePlugin_WantsMidiInput=1",
					"JucePlugin_ProducesMidiOutput=1",
					"JucePlugin_IsMidiEffect=0",
					"JucePlugin_EditorRequiresKeyboardFocus=0",
					"JucePlugin_Version=1.0.0",
					"JucePlugin_VersionCode=0x10000",
					"JucePlugin_VersionString=\\\"1.0.0\\\"",
					"JucePlugin_VSTUniqueID=JucePlugin_PluginCode",
					"JucePlugin_VSTCategory=kPlugCategSynth",
					"JucePlugin_Vst3Category=\\\"Instrument|Synth\\\"",
					"JucePlugin_AUMainType=\\'aumu\\'",
					"JucePlugin_AUSubType=JucePlugin_PluginCode",
					"JucePlugin_AUExportPrefix=FrattalatoreAU",
					"JucePlugin_AUExportPrefixQuoted=\\\"FrattalatoreAU\\\"",
					"JucePlugin_AUManufacturerCode=JucePlugin_ManufacturerCode",
					"JucePlugin_CFBundleIdentifier=com.yourcompany.Frattalatore",
					"JucePlugin_RTASCategory=2048",
					"JucePlugin_RTASManufacturerCode=JucePlugin_ManufacturerCode",
					"JucePlugin_RTASProductId=JucePlugin_PluginCode",
					"JucePlugin_RTASDisableBypass=0",
					"JucePlugin_RTASDisableMultiMono=0",
					"JucePlugin_AAXIdentifier=com.yourcompany.Frattalatore",
					"JucePlugin_AAXManufacturerCode=JucePlugin_ManufacturerCode",
					"JucePlugin_AAXProductId=JucePlugin_PluginCode",
					"JucePlugin_AAXCategory=2048",
					"JucePlugin_AAXDisableBypass=0",
					"JucePlugin_AAXDisableMultiMono=0",
					"JucePlugin_IAAType=0x61757269",
					"JucePlugin_IAASubType=JucePlugin_PluginCode",
					"JucePlugin_IAAName=\\\"yourcompany:\\ Frattalatore\\\"",
					"JucePlugin_VSTNumMidiInputs=16",
					"JucePlugin_VSTNumMidiOutputs=16",
					"JUCE_STANDALONE_APPLICATION=JucePlugin_Build_Standalone",
					"JUCER_XCODE_MAC_F6D2F4CF=1",
					"JUCE_APP_VERSION=1.0.0",
					"JUCE_APP_VERSION_HEX=0x10000",
				);
				GCC_VERSION = com.apple.compilers.llvm.clang.1_0;
				GENERATE_PKGINFO_FILE = YES;
				HEADER_SEARCH_PATHS = (
					"$(HOME)/JUCE/modules/juce_audio_processors/format_types/VST3_SDK",
					"$(SRCROOT)/../../JuceLibraryCode",
					"$(HOME)/JUCE/modules",
					"$(HOME)/JUCE/modules/juce_audio_plugin_client",
					"$(inherited)",
				);
				INFOPLIST_FILE = Info-VST3.plist;
				INFOPLIST_PREPROCESS = NO;
				INSTALL_PATH = "$(HOME)/Library/Audio/Plug-Ins/VST3/";
				LIBRARY_STYLE = Bundle;
				MACOSX_DEPLOYMENT_TARGET = 10.11;
				MTL_HEADER_SEARCH_PATHS = "$(HOME)/JUCE/modules/juce_audio_processors/format_types/VST3_SDK $(SRCROOT)/../../JuceLibraryCode $(HOME)/JUCE/modules $(HOME)/JUCE/modules/juce_audio_plugin_client";
				OTHER_LDFLAGS = "-bundle -lFrattalatore";
				PRODUCT_BUNDLE_IDENTIFIER = com.yourcompany.Frattalatore;
				PRODUCT_NAME = "Frattalatore";
				USE_HEADERMAP = NO;
				VALID_ARCHS = "i386 x86_64 arm64 arm64e";
				WRAPPER_EXTENSION = vst3;
			};
			name = Debug;
		};
		665A012A978BEA7E3DB04DC4 /* Release */ = {
			isa = XCBuildConfiguration;
			buildSettings = {
				MACOSX_DEPLOYMENT_TARGET = 10.11;
				SDKROOT = macosx;
			};
			name = Release;
		};
		7081B6AC2B31A3E38585F428 /* Debug */ = {
			isa = XCBuildConfiguration;
			buildSettings = {
				CLANG_CXX_LANGUAGE_STANDARD = "c++17";
				CLANG_CXX_LIBRARY = "libc++";
				CLANG_LINK_OBJC_RUNTIME = NO;
				CODE_SIGN_IDENTITY = "";
				COMBINE_HIDPI_IMAGES = YES;
				CONFIGURATION_BUILD_DIR = "$(PROJECT_DIR)/build/$(CONFIGURATION)";
				COPY_PHASE_STRIP = NO;
				EXCLUDED_ARCHS = "";
				GCC_DYNAMIC_NO_PIC = NO;
				GCC_OPTIMIZATION_LEVEL = 0;
				GCC_PREPROCESSOR_DEFINITIONS = (
					"_DEBUG=1",
					"DEBUG=1",
					"JUCE_DISPLAY_SPLASH_SCREEN=1",
					"JUCE_USE_DARK_SPLASH_SCREEN=1",
					"JUCE_PROJUCER_VERSION=0x60106",
					"JUCE_MODULE_AVAILABLE_juce_audio_basics=1",
					"JUCE_MODULE_AVAILABLE_juce_audio_devices=1",
					"JUCE_MODULE_AVAILABLE_juce_audio_formats=1",
					"JUCE_MODULE_AVAILABLE_juce_audio_plugin_client=1",
					"JUCE_MODULE_AVAILABLE_juce_audio_processors=1",
					"JUCE_MODULE_AVAILABLE_juce_audio_utils=1",
					"JUCE_MODULE_AVAILABLE_juce_core=1",
					"JUCE_MODULE_AVAILABLE_juce_cryptography=1",
					"JUCE_MODULE_AVAILABLE_juce_data_structures=1",
					"JUCE_MODULE_AVAILABLE_juce_dsp=1",
					"JUCE_MODULE_AVAILABLE_juce_events=1",
					"JUCE_MODULE_AVAILABLE_juce_graphics=1",
					"JUCE_MODULE_AVAILABLE_juce_gui_basics=1",
					"JUCE_MODULE_AVAILABLE_juce_gui_extra=1",
					"JUCE_MODULE_AVAILABLE_juce_osc=1",
					"JUCE_GLOBAL_MODULE_SETTINGS_INCLUDED=1",
					"JUCE_VST3_CAN_REPLACE_VST2=0",
					"JUCE_STRICT_REFCOUNTEDPOINTER=1",
					"JucePlugin_Build_VST=0",
					"JucePlugin_Build_VST3=1",
					"JucePlugin_Build_AU=1",
					"JucePlugin_Build_AUv3=0",
					"JucePlugin_Build_RTAS=0",
					"JucePlugin_Build_AAX=0",
					"JucePlugin_Build_Standalone=1",
					"JucePlugin_Build_Unity=0",
					"JucePlugin_Enable_IAA=0",
					"JucePlugin_Name=\\\"Frattalatore\\\"",
					"JucePlugin_Desc=\\\"Frattalatore\\\"",
					"JucePlugin_Manufacturer=\\\"yourcompany\\\"",
					"JucePlugin_ManufacturerWebsite=\\\"\\\"",
					"JucePlugin_ManufacturerEmail=\\\"\\\"",
					"JucePlugin_ManufacturerCode=0x4d616e75",
					"JucePlugin_PluginCode=0x42686c6c",
					"JucePlugin_IsSynth=1",
					"JucePlugin_WantsMidiInput=1",
					"JucePlugin_ProducesMidiOutput=1",
					"JucePlugin_IsMidiEffect=0",
					"JucePlugin_EditorRequiresKeyboardFocus=0",
					"JucePlugin_Version=1.0.0",
					"JucePlugin_VersionCode=0x10000",
					"JucePlugin_VersionString=\\\"1.0.0\\\"",
					"JucePlugin_VSTUniqueID=JucePlugin_PluginCode",
					"JucePlugin_VSTCategory=kPlugCategSynth",
					"JucePlugin_Vst3Category=\\\"Instrument|Synth\\\"",
					"JucePlugin_AUMainType=\\'aumu\\'",
					"JucePlugin_AUSubType=JucePlugin_PluginCode",
					"JucePlugin_AUExportPrefix=FrattalatoreAU",
					"JucePlugin_AUExportPrefixQuoted=\\\"FrattalatoreAU\\\"",
					"JucePlugin_AUManufacturerCode=JucePlugin_ManufacturerCode",
					"JucePlugin_CFBundleIdentifier=com.yourcompany.Frattalatore",
					"JucePlugin_RTASCategory=2048",
					"JucePlugin_RTASManufacturerCode=JucePlugin_ManufacturerCode",
					"JucePlugin_RTASProductId=JucePlugin_PluginCode",
					"JucePlugin_RTASDisableBypass=0",
					"JucePlugin_RTASDisableMultiMono=0",
					"JucePlugin_AAXIdentifier=com.yourcompany.Frattalatore",
					"JucePlugin_AAXManufacturerCode=JucePlugin_ManufacturerCode",
					"JucePlugin_AAXProductId=JucePlugin_PluginCode",
					"JucePlugin_AAXCategory=2048",
					"JucePlugin_AAXDisableBypass=0",
					"JucePlugin_AAXDisableMultiMono=0",
					"JucePlugin_IAAType=0x61757269",
					"JucePlugin_IAASubType=JucePlugin_PluginCode",
					"JucePlugin_IAAName=\\\"yourcompany:\\ Frattalatore\\\"",
					"JucePlugin_VSTNumMidiInputs=16",
					"JucePlugin_VSTNumMidiOutputs=16",
					"JUCE_STANDALONE_APPLICATION=JucePlugin_Build_Standalone",
					"JUCER_XCODE_MAC_F6D2F4CF=1",
					"JUCE_APP_VERSION=1.0.0",
					"JUCE_APP_VERSION_HEX=0x10000",
					"JUCE_SHARED_CODE=1",
				);
				GCC_VERSION = com.apple.compilers.llvm.clang.1_0;
				HEADER_SEARCH_PATHS = (
					"$(HOME)/JUCE/modules/juce_audio_processors/format_types/VST3_SDK",
					"$(SRCROOT)/../../JuceLibraryCode",
					"$(HOME)/JUCE/modules",
					"$(HOME)/JUCE/modules/juce_audio_plugin_client",
					"$(inherited)",
				);
				INSTALL_PATH = "@executable_path/../Frameworks";
				MACOSX_DEPLOYMENT_TARGET = 10.11;
				MTL_HEADER_SEARCH_PATHS = "$(HOME)/JUCE/modules/juce_audio_processors/format_types/VST3_SDK $(SRCROOT)/../../JuceLibraryCode $(HOME)/JUCE/modules $(HOME)/JUCE/modules/juce_audio_plugin_client";
				PRODUCT_BUNDLE_IDENTIFIER = com.yourcompany.Frattalatore;
				PRODUCT_NAME = "Frattalatore";
				SKIP_INSTALL = YES;
				USE_HEADERMAP = NO;
				VALID_ARCHS = "i386 x86_64 arm64 arm64e";
			};
			name = Debug;
		};
		C647B90793043435108EC045 /* Release */ = {
			isa = XCBuildConfiguration;
			buildSettings = {
				CLANG_CXX_LANGUAGE_STANDARD = "c++17";
				CLANG_CXX_LIBRARY = "libc++";
				CLANG_LINK_OBJC_RUNTIME = NO;
				CODE_SIGN_IDENTITY = "";
				COMBINE_HIDPI_IMAGES = YES;
				CONFIGURATION_BUILD_DIR = "$(PROJECT_DIR)/build/$(CONFIGURATION)";
				DEAD_CODE_STRIPPING = YES;
				DEPLOYMENT_LOCATION = YES;
				DSTROOT = /;
				EXCLUDED_ARCHS = "";
				GCC_GENERATE_DEBUGGING_SYMBOLS = NO;
				GCC_OPTIMIZATION_LEVEL = 3;
				GCC_PREPROCESSOR_DEFINITIONS = (
					"_NDEBUG=1",
					"NDEBUG=1",
					"JUCE_DISPLAY_SPLASH_SCREEN=1",
					"JUCE_USE_DARK_SPLASH_SCREEN=1",
					"JUCE_PROJUCER_VERSION=0x60106",
					"JUCE_MODULE_AVAILABLE_juce_audio_basics=1",
					"JUCE_MODULE_AVAILABLE_juce_audio_devices=1",
					"JUCE_MODULE_AVAILABLE_juce_audio_formats=1",
					"JUCE_MODULE_AVAILABLE_juce_audio_plugin_client=1",
					"JUCE_MODULE_AVAILABLE_juce_audio_processors=1",
					"JUCE_MODULE_AVAILABLE_juce_audio_utils=1",
					"JUCE_MODULE_AVAILABLE_juce_core=1",
					"JUCE_MODULE_AVAILABLE_juce_cryptography=1",
					"JUCE_MODULE_AVAILABLE_juce_data_structures=1",
					"JUCE_MODULE_AVAILABLE_juce_dsp=1",
					"JUCE_MODULE_AVAILABLE_juce_events=1",
					"JUCE_MODULE_AVAILABLE_juce_graphics=1",
					"JUCE_MODULE_AVAILABLE_juce_gui_basics=1",
					"JUCE_MODULE_AVAILABLE_juce_gui_extra=1",
					"JUCE_MODULE_AVAILABLE_juce_osc=1",
					"JUCE_GLOBAL_MODULE_SETTINGS_INCLUDED=1",
					"JUCE_VST3_CAN_REPLACE_VST2=0",
					"JUCE_STRICT_REFCOUNTEDPOINTER=1",
					"JucePlugin_Build_VST=0",
					"JucePlugin_Build_VST3=1",
					"JucePlugin_Build_AU=0",
					"JucePlugin_Build_AUv3=0",
					"JucePlugin_Build_RTAS=0",
					"JucePlugin_Build_AAX=0",
					"JucePlugin_Build_Standalone=0",
					"JucePlugin_Build_Unity=0",
					"JucePlugin_Enable_IAA=0",
					"JucePlugin_Name=\\\"Frattalatore\\\"",
					"JucePlugin_Desc=\\\"Frattalatore\\\"",
					"JucePlugin_Manufacturer=\\\"yourcompany\\\"",
					"JucePlugin_ManufacturerWebsite=\\\"\\\"",
					"JucePlugin_ManufacturerEmail=\\\"\\\"",
					"JucePlugin_ManufacturerCode=0x4d616e75",
					"JucePlugin_PluginCode=0x42686c6c",
					"JucePlugin_IsSynth=1",
					"JucePlugin_WantsMidiInput=1",
					"JucePlugin_ProducesMidiOutput=1",
					"JucePlugin_IsMidiEffect=0",
					"JucePlugin_EditorRequiresKeyboardFocus=0",
					"JucePlugin_Version=1.0.0",
					"JucePlugin_VersionCode=0x10000",
					"JucePlugin_VersionString=\\\"1.0.0\\\"",
					"JucePlugin_VSTUniqueID=JucePlugin_PluginCode",
					"JucePlugin_VSTCategory=kPlugCategSynth",
					"JucePlugin_Vst3Category=\\\"Instrument|Synth\\\"",
					"JucePlugin_AUMainType=\\'aumu\\'",
					"JucePlugin_AUSubType=JucePlugin_PluginCode",
					"JucePlugin_AUExportPrefix=FrattalatoreAU",
					"JucePlugin_AUExportPrefixQuoted=\\\"FrattalatoreAU\\\"",
					"JucePlugin_AUManufacturerCode=JucePlugin_ManufacturerCode",
					"JucePlugin_CFBundleIdentifier=com.yourcompany.Frattalatore",
					"JucePlugin_RTASCategory=2048",
					"JucePlugin_RTASManufacturerCode=JucePlugin_ManufacturerCode",
					"JucePlugin_RTASProductId=JucePlugin_PluginCode",
					"JucePlugin_RTASDisableBypass=0",
					"JucePlugin_RTASDisableMultiMono=0",
					"JucePlugin_AAXIdentifier=com.yourcompany.Frattalatore",
					"JucePlugin_AAXManufacturerCode=JucePlugin_ManufacturerCode",
					"JucePlugin_AAXProductId=JucePlugin_PluginCode",
					"JucePlugin_AAXCategory=2048",
					"JucePlugin_AAXDisableBypass=0",
					"JucePlugin_AAXDisableMultiMono=0",
					"JucePlugin_IAAType=0x61757269",
					"JucePlugin_IAASubType=JucePlugin_PluginCode",
					"JucePlugin_IAAName=\\\"yourcompany:\\ Frattalatore\\\"",
					"JucePlugin_VSTNumMidiInputs=16",
					"JucePlugin_VSTNumMidiOutputs=16",
					"JUCE_STANDALONE_APPLICATION=JucePlugin_Build_Standalone",
					"JUCER_XCODE_MAC_F6D2F4CF=1",
					"JUCE_APP_VERSION=1.0.0",
					"JUCE_APP_VERSION_HEX=0x10000",
				);
				GCC_VERSION = com.apple.compilers.llvm.clang.1_0;
				GENERATE_PKGINFO_FILE = YES;
				HEADER_SEARCH_PATHS = (
					"$(HOME)/JUCE/modules/juce_audio_processors/format_types/VST3_SDK",
					"$(SRCROOT)/../../JuceLibraryCode",
					"$(HOME)/JUCE/modules",
					"$(HOME)/JUCE/modules/juce_audio_plugin_client",
					"$(inherited)",
				);
				INFOPLIST_FILE = Info-VST3.plist;
				INFOPLIST_PREPROCESS = NO;
				INSTALL_PATH = "$(HOME)/Library/Audio/Plug-Ins/VST3/";
				LIBRARY_STYLE = Bundle;
				LLVM_LTO = YES;
				MACOSX_DEPLOYMENT_TARGET = 10.11;
				MTL_HEADER_SEARCH_PATHS = "$(HOME)/JUCE/modules/juce_audio_processors/format_types/VST3_SDK $(SRCROOT)/../../JuceLibraryCode $(HOME)/JUCE/modules $(HOME)/JUCE/modules/juce_audio_plugin_client";
				OTHER_LDFLAGS = "-bundle -lFrattalatore";
				PRODUCT_BUNDLE_IDENTIFIER = com.yourcompany.Frattalatore;
				PRODUCT_NAME = "Frattalatore";
				USE_HEADERMAP = NO;
				VALID_ARCHS = "i386 x86_64 arm64 arm64e";
				WRAPPER_EXTENSION = vst3;
			};
			name = Release;
		};
		E52DBB1DF576897C5B8D5324 /* Debug */ = {
			isa = XCBuildConfiguration;
			buildSettings = {
				CLANG_CXX_LANGUAGE_STANDARD = "c++17";
				CLANG_CXX_LIBRARY = "libc++";
				CLANG_LINK_OBJC_RUNTIME = NO;
				CODE_SIGN_IDENTITY = "";
				COMBINE_HIDPI_IMAGES = YES;
				CONFIGURATION_BUILD_DIR = "$(PROJECT_DIR)/build/$(CONFIGURATION)";
				COPY_PHASE_STRIP = NO;
				EXCLUDED_ARCHS = "";
				GCC_DYNAMIC_NO_PIC = NO;
				GCC_OPTIMIZATION_LEVEL = 0;
				GCC_PREPROCESSOR_DEFINITIONS = (
					"_DEBUG=1",
					"DEBUG=1",
					"JUCE_DISPLAY_SPLASH_SCREEN=1",
					"JUCE_USE_DARK_SPLASH_SCREEN=1",
					"JUCE_PROJUCER_VERSION=0x60106",
					"JUCE_MODULE_AVAILABLE_juce_audio_basics=1",
					"JUCE_MODULE_AVAILABLE_juce_audio_devices=1",
					"JUCE_MODULE_AVAILABLE_juce_audio_formats=1",
					"JUCE_MODULE_AVAILABLE_juce_audio_plugin_client=1",
					"JUCE_MODULE_AVAILABLE_juce_audio_processors=1",
					"JUCE_MODULE_AVAILABLE_juce_audio_utils=1",
					"JUCE_MODULE_AVAILABLE_juce_core=1",
					"JUCE_MODULE_AVAILABLE_juce_cryptography=1",
					"JUCE_MODULE_AVAILABLE_juce_data_structures=1",
					"JUCE_MODULE_AVAILABLE_juce_dsp=1",
					"JUCE_MODULE_AVAILABLE_juce_events=1",
					"JUCE_MODULE_AVAILABLE_juce_graphics=1",
					"JUCE_MODULE_AVAILABLE_juce_gui_basics=1",
					"JUCE_MODULE_AVAILABLE_juce_gui_extra=1",
					"JUCE_MODULE_AVAILABLE_juce_osc=1",
					"JUCE_GLOBAL_MODULE_SETTINGS_INCLUDED=1",
					"JUCE_VST3_CAN_REPLACE_VST2=0",
					"JUCE_STRICT_REFCOUNTEDPOINTER=1",
					"JucePlugin_Build_VST=0",
					"JucePlugin_Build_VST3=0",
					"JucePlugin_Build_AU=0",
					"JucePlugin_Build_AUv3=0",
					"JucePlugin_Build_RTAS=0",
					"JucePlugin_Build_AAX=0",
					"JucePlugin_Build_Standalone=1",
					"JucePlugin_Build_Unity=0",
					"JucePlugin_Enable_IAA=0",
					"JucePlugin_Name=\\\"Frattalatore\\\"",
					"JucePlugin_Desc=\\\"Frattalatore\\\"",
					"JucePlugin_Manufacturer=\\\"yourcompany\\\"",
					"JucePlugin_ManufacturerWebsite=\\\"\\\"",
					"JucePlugin_ManufacturerEmail=\\\"\\\"",
					"JucePlugin_ManufacturerCode=0x4d616e75",
					"JucePlugin_PluginCode=0x42686c6c",
					"JucePlugin_IsSynth=1",
					"JucePlugin_WantsMidiInput=1",
					"JucePlugin_ProducesMidiOutput=1",
					"JucePlugin_IsMidiEffect=0",
					"JucePlugin_EditorRequiresKeyboardFocus=0",
					"JucePlugin_Version=1.0.0",
					"JucePlugin_VersionCode=0x10000",
					"JucePlugin_VersionString=\\\"1.0.0\\\"",
					"JucePlugin_VSTUniqueID=JucePlugin_PluginCode",
					"JucePlugin_VSTCategory=kPlugCategSynth",
					"JucePlugin_Vst3Category=\\\"Instrument|Synth\\\"",
					"JucePlugin_AUMainType=\\'aumu\\'",
					"JucePlugin_AUSubType=JucePlugin_PluginCode",
					"JucePlugin_AUExportPrefix=FrattalatoreAU",
					"JucePlugin_AUExportPrefixQuoted=\\\"FrattalatoreAU\\\"",
					"JucePlugin_AUManufacturerCode=JucePlugin_ManufacturerCode",
					"JucePlugin_CFBundleIdentifier=com.yourcompany.Frattalatore",
					"JucePlugin_RTASCategory=2048",
					"JucePlugin_RTASManufacturerCode=JucePlugin_ManufacturerCode",
					"JucePlugin_RTASProductId=JucePlugin_PluginCode",
					"JucePlugin_RTASDisableBypass=0",
					"JucePlugin_RTASDisableMultiMono=0",
					"JucePlugin_AAXIdentifier=com.yourcompany.Frattalatore",
					"JucePlugin_AAXManufacturerCode=JucePlugin_ManufacturerCode",
					"JucePlugin_AAXProductId=JucePlugin_PluginCode",
					"JucePlugin_AAXCategory=2048",
					"JucePlugin_AAXDisableBypass=0",
					"JucePlugin_AAXDisableMultiMono=0",
					"JucePlugin_IAAType=0x61757269",
					"JucePlugin_IAASubType=JucePlugin_PluginCode",
					"JucePlugin_IAAName=\\\"yourcompany:\\ Frattalatore\\\"",
					"JucePlugin_VSTNumMidiInputs=16",
					"JucePlugin_VSTNumMidiOutputs=16",
					"JUCE_STANDALONE_APPLICATION=JucePlugin_Build_Standalone",
					"JUCER_XCODE_MAC_F6D2F4CF=1",
					"JUCE_APP_VERSION=1.0.0",
					"JUCE_APP_VERSION_HEX=0x10000",
				);
				GCC_VERSION = com.apple.compilers.llvm.clang.1_0;
				HEADER_SEARCH_PATHS = (
					"$(HOME)/JUCE/modules/juce_audio_processors/format_types/VST3_SDK",
					"$(SRCROOT)/../../JuceLibraryCode",
					"$(HOME)/JUCE/modules",
					"$(HOME)/JUCE/modules/juce_audio_plugin_client",
					"$(inherited)",
				);
				INFOPLIST_FILE = Info-Standalone_Plugin.plist;
				INFOPLIST_PREPROCESS = NO;
				MACOSX_DEPLOYMENT_TARGET = 10.11;
				MTL_HEADER_SEARCH_PATHS = "$(HOME)/JUCE/modules/juce_audio_processors/format_types/VST3_SDK $(SRCROOT)/../../JuceLibraryCode $(HOME)/JUCE/modules $(HOME)/JUCE/modules/juce_audio_plugin_client";
				OTHER_LDFLAGS = "-lFrattalatore";
				PRODUCT_BUNDLE_IDENTIFIER = com.yourcompany.Frattalatore;
				PRODUCT_NAME = "Frattalatore";
				USE_HEADERMAP = NO;
				VALID_ARCHS = "i386 x86_64 arm64 arm64e";
			};
			name = Debug;
		};
/* End XCBuildConfiguration section */

/* Begin XCConfigurationList section */
		0123F1220EB8E73D76C1D583 = {
			isa = XCConfigurationList;
			buildConfigurations = (
				6262F98206843ADFCB04F9DF,
				C647B90793043435108EC045,
			);
			defaultConfigurationIsVisible = 0;
			defaultConfigurationName = Debug;
		};
		2DB54E56200639CF96D3102A = {
			isa = XCConfigurationList;
			buildConfigurations = (
				E52DBB1DF576897C5B8D5324,
				1C12B937E853AFFF083579BF,
			);
			defaultConfigurationIsVisible = 0;
			defaultConfigurationName = Debug;
		};
		514233036FD5170E20D41B09 = {
			isa = XCConfigurationList;
			buildConfigurations = (
				3541AC4D137AD29E4DA20A78,
				665A012A978BEA7E3DB04DC4,
			);
			defaultConfigurationIsVisible = 0;
			defaultConfigurationName = Debug;
		};
		A7DD92186FC900A8AFD2998E = {
			isa = XCConfigurationList;
			buildConfigurations = (
				7081B6AC2B31A3E38585F428,
				49591C9319FD1B6DB928487D,
			);
			defaultConfigurationIsVisible = 0;
			defaultConfigurationName = Debug;
		};
		B01919556FF3939AC4C35DDC = {
			isa = XCConfigurationList;
			buildConfigurations = (
				112F998605F574471E277C18,
				3E04796DDECC9EFFE66E13A6,
			);
			defaultConfigurationIsVisible = 0;
			defaultConfigurationName = Debug;
		};
		EEE5366D88349A09746F1EC9 = {
			isa = XCConfigurationList;
			buildConfigurations = (
				2743C4B1F9D39430A7764250,
				5608DB722D72DECE78196572,
			);
			defaultConfigurationIsVisible = 0;
			defaultConfigurationName = Debug;
		};
/* End XCConfigurationList section */
	};
	rootObject = A004D94A04E632531BBF7A3A /* Project object */;
}
