
Microsoft Visual Studio Solution File, Format Version 12.00
# Visual Studio Version 17
Project("{2150E333-8FDC-42A3-9474-1A3956D46DE8}") = "CMake", "CMake", "{DC6AE924-601E-3898-A691-CCC063C173F8}"
EndProject
Project("{2150E333-8FDC-42A3-9474-1A3956D46DE8}") = "SFML", "SFML", "{F6A0F62F-13F5-384D-AB54-00C56F7F3996}"
EndProject
Project("{8BC9CEB8-8B4A-11D0-8D11-00A0C91BC942}") = "ALL_BUILD", "ALL_BUILD.vcxproj", "{F61B88DC-3753-386D-A9A7-DBBD3D6C704A}"
	ProjectSection(ProjectDependencies) = postProject
		{056493BE-EE14-3A5E-A9CB-F9AFA9FC1B7C} = {056493BE-EE14-3A5E-A9CB-F9AFA9FC1B7C}
		{880EC2AD-8523-356D-82DC-92AAE53EE3D6} = {880EC2AD-8523-356D-82DC-92AAE53EE3D6}
		{4B89B18A-6741-37C4-92A1-AF7F9401FD0C} = {4B89B18A-6741-37C4-92A1-AF7F9401FD0C}
		{BB2B4390-0E29-3B77-BB14-9AF180B48676} = {BB2B4390-0E29-3B77-BB14-9AF180B48676}
		{1B4A6945-91A1-3A5F-802D-5DA6337B8929} = {1B4A6945-91A1-3A5F-802D-5DA6337B8929}
		{2A7901C9-62A6-3F85-9C72-3A8DD9DD8A8D} = {2A7901C9-62A6-3F85-9C72-3A8DD9DD8A8D}
		{CF2A6A91-016B-3E03-8079-CCB3A52D3FBD} = {CF2A6A91-016B-3E03-8079-CCB3A52D3FBD}
		{33413466-236C-3960-A04D-6B7F7390E290} = {33413466-236C-3960-A04D-6B7F7390E290}
	EndProjectSection
EndProject
Project("{8BC9CEB8-8B4A-11D0-8D11-00A0C91BC942}") = "INSTALL", "INSTALL.vcxproj", "{CDA24073-8E8E-3462-8E42-17B8732AED30}"
	ProjectSection(ProjectDependencies) = postProject
		{F61B88DC-3753-386D-A9A7-DBBD3D6C704A} = {F61B88DC-3753-386D-A9A7-DBBD3D6C704A}
		{056493BE-EE14-3A5E-A9CB-F9AFA9FC1B7C} = {056493BE-EE14-3A5E-A9CB-F9AFA9FC1B7C}
	EndProjectSection
EndProject
Project("{8BC9CEB8-8B4A-11D0-8D11-00A0C91BC942}") = "ZERO_CHECK", "ZERO_CHECK.vcxproj", "{056493BE-EE14-3A5E-A9CB-F9AFA9FC1B7C}"
	ProjectSection(ProjectDependencies) = postProject
	EndProjectSection
EndProject
Project("{8BC9CEB8-8B4A-11D0-8D11-00A0C91BC942}") = "doc", "doc\doc.vcxproj", "{880EC2AD-8523-356D-82DC-92AAE53EE3D6}"
	ProjectSection(ProjectDependencies) = postProject
		{056493BE-EE14-3A5E-A9CB-F9AFA9FC1B7C} = {056493BE-EE14-3A5E-A9CB-F9AFA9FC1B7C}
	EndProjectSection
EndProject
Project("{8BC9CEB8-8B4A-11D0-8D11-00A0C91BC942}") = "sfml-audio", "src\SFML\Audio\sfml-audio.vcxproj", "{4B89B18A-6741-37C4-92A1-AF7F9401FD0C}"
	ProjectSection(ProjectDependencies) = postProject
		{056493BE-EE14-3A5E-A9CB-F9AFA9FC1B7C} = {056493BE-EE14-3A5E-A9CB-F9AFA9FC1B7C}
		{CF2A6A91-016B-3E03-8079-CCB3A52D3FBD} = {CF2A6A91-016B-3E03-8079-CCB3A52D3FBD}
	EndProjectSection
EndProject
Project("{8BC9CEB8-8B4A-11D0-8D11-00A0C91BC942}") = "sfml-graphics", "src\SFML\Graphics\sfml-graphics.vcxproj", "{BB2B4390-0E29-3B77-BB14-9AF180B48676}"
	ProjectSection(ProjectDependencies) = postProject
		{056493BE-EE14-3A5E-A9CB-F9AFA9FC1B7C} = {056493BE-EE14-3A5E-A9CB-F9AFA9FC1B7C}
		{CF2A6A91-016B-3E03-8079-CCB3A52D3FBD} = {CF2A6A91-016B-3E03-8079-CCB3A52D3FBD}
		{33413466-236C-3960-A04D-6B7F7390E290} = {33413466-236C-3960-A04D-6B7F7390E290}
	EndProjectSection
EndProject
Project("{8BC9CEB8-8B4A-11D0-8D11-00A0C91BC942}") = "sfml-main", "src\SFML\Main\sfml-main.vcxproj", "{1B4A6945-91A1-3A5F-802D-5DA6337B8929}"
	ProjectSection(ProjectDependencies) = postProject
		{056493BE-EE14-3A5E-A9CB-F9AFA9FC1B7C} = {056493BE-EE14-3A5E-A9CB-F9AFA9FC1B7C}
	EndProjectSection
EndProject
Project("{8BC9CEB8-8B4A-11D0-8D11-00A0C91BC942}") = "sfml-network", "src\SFML\Network\sfml-network.vcxproj", "{2A7901C9-62A6-3F85-9C72-3A8DD9DD8A8D}"
	ProjectSection(ProjectDependencies) = postProject
		{056493BE-EE14-3A5E-A9CB-F9AFA9FC1B7C} = {056493BE-EE14-3A5E-A9CB-F9AFA9FC1B7C}
		{CF2A6A91-016B-3E03-8079-CCB3A52D3FBD} = {CF2A6A91-016B-3E03-8079-CCB3A52D3FBD}
	EndProjectSection
EndProject
Project("{8BC9CEB8-8B4A-11D0-8D11-00A0C91BC942}") = "sfml-system", "src\SFML\System\sfml-system.vcxproj", "{CF2A6A91-016B-3E03-8079-CCB3A52D3FBD}"
	ProjectSection(ProjectDependencies) = postProject
		{056493BE-EE14-3A5E-A9CB-F9AFA9FC1B7C} = {056493BE-EE14-3A5E-A9CB-F9AFA9FC1B7C}
	EndProjectSection
EndProject
Project("{8BC9CEB8-8B4A-11D0-8D11-00A0C91BC942}") = "sfml-window", "src\SFML\Window\sfml-window.vcxproj", "{33413466-236C-3960-A04D-6B7F7390E290}"
	ProjectSection(ProjectDependencies) = postProject
		{056493BE-EE14-3A5E-A9CB-F9AFA9FC1B7C} = {056493BE-EE14-3A5E-A9CB-F9AFA9FC1B7C}
		{CF2A6A91-016B-3E03-8079-CCB3A52D3FBD} = {CF2A6A91-016B-3E03-8079-CCB3A52D3FBD}
	EndProjectSection
EndProject
Global
	GlobalSection(SolutionConfigurationPlatforms) = preSolution
		Debug|x64 = Debug|x64
		Release|x64 = Release|x64
		MinSizeRel|x64 = MinSizeRel|x64
		RelWithDebInfo|x64 = RelWithDebInfo|x64
	EndGlobalSection
	GlobalSection(ProjectConfigurationPlatforms) = postSolution
		{F61B88DC-3753-386D-A9A7-DBBD3D6C704A}.Debug|x64.ActiveCfg = Debug|x64
		{F61B88DC-3753-386D-A9A7-DBBD3D6C704A}.Debug|x64.Build.0 = Debug|x64
		{F61B88DC-3753-386D-A9A7-DBBD3D6C704A}.Release|x64.ActiveCfg = Release|x64
		{F61B88DC-3753-386D-A9A7-DBBD3D6C704A}.Release|x64.Build.0 = Release|x64
		{F61B88DC-3753-386D-A9A7-DBBD3D6C704A}.MinSizeRel|x64.ActiveCfg = MinSizeRel|x64
		{F61B88DC-3753-386D-A9A7-DBBD3D6C704A}.MinSizeRel|x64.Build.0 = MinSizeRel|x64
		{F61B88DC-3753-386D-A9A7-DBBD3D6C704A}.RelWithDebInfo|x64.ActiveCfg = RelWithDebInfo|x64
		{F61B88DC-3753-386D-A9A7-DBBD3D6C704A}.RelWithDebInfo|x64.Build.0 = RelWithDebInfo|x64
		{CDA24073-8E8E-3462-8E42-17B8732AED30}.Debug|x64.ActiveCfg = Debug|x64
		{CDA24073-8E8E-3462-8E42-17B8732AED30}.Release|x64.ActiveCfg = Release|x64
		{CDA24073-8E8E-3462-8E42-17B8732AED30}.MinSizeRel|x64.ActiveCfg = MinSizeRel|x64
		{CDA24073-8E8E-3462-8E42-17B8732AED30}.RelWithDebInfo|x64.ActiveCfg = RelWithDebInfo|x64
		{056493BE-EE14-3A5E-A9CB-F9AFA9FC1B7C}.Debug|x64.ActiveCfg = Debug|x64
		{056493BE-EE14-3A5E-A9CB-F9AFA9FC1B7C}.Debug|x64.Build.0 = Debug|x64
		{056493BE-EE14-3A5E-A9CB-F9AFA9FC1B7C}.Release|x64.ActiveCfg = Release|x64
		{056493BE-EE14-3A5E-A9CB-F9AFA9FC1B7C}.Release|x64.Build.0 = Release|x64
		{056493BE-EE14-3A5E-A9CB-F9AFA9FC1B7C}.MinSizeRel|x64.ActiveCfg = MinSizeRel|x64
		{056493BE-EE14-3A5E-A9CB-F9AFA9FC1B7C}.MinSizeRel|x64.Build.0 = MinSizeRel|x64
		{056493BE-EE14-3A5E-A9CB-F9AFA9FC1B7C}.RelWithDebInfo|x64.ActiveCfg = RelWithDebInfo|x64
		{056493BE-EE14-3A5E-A9CB-F9AFA9FC1B7C}.RelWithDebInfo|x64.Build.0 = RelWithDebInfo|x64
		{880EC2AD-8523-356D-82DC-92AAE53EE3D6}.Debug|x64.ActiveCfg = Debug|x64
		{880EC2AD-8523-356D-82DC-92AAE53EE3D6}.Debug|x64.Build.0 = Debug|x64
		{880EC2AD-8523-356D-82DC-92AAE53EE3D6}.Release|x64.ActiveCfg = Release|x64
		{880EC2AD-8523-356D-82DC-92AAE53EE3D6}.Release|x64.Build.0 = Release|x64
		{880EC2AD-8523-356D-82DC-92AAE53EE3D6}.MinSizeRel|x64.ActiveCfg = MinSizeRel|x64
		{880EC2AD-8523-356D-82DC-92AAE53EE3D6}.MinSizeRel|x64.Build.0 = MinSizeRel|x64
		{880EC2AD-8523-356D-82DC-92AAE53EE3D6}.RelWithDebInfo|x64.ActiveCfg = RelWithDebInfo|x64
		{880EC2AD-8523-356D-82DC-92AAE53EE3D6}.RelWithDebInfo|x64.Build.0 = RelWithDebInfo|x64
		{4B89B18A-6741-37C4-92A1-AF7F9401FD0C}.Debug|x64.ActiveCfg = Debug|x64
		{4B89B18A-6741-37C4-92A1-AF7F9401FD0C}.Debug|x64.Build.0 = Debug|x64
		{4B89B18A-6741-37C4-92A1-AF7F9401FD0C}.Release|x64.ActiveCfg = Release|x64
		{4B89B18A-6741-37C4-92A1-AF7F9401FD0C}.Release|x64.Build.0 = Release|x64
		{4B89B18A-6741-37C4-92A1-AF7F9401FD0C}.MinSizeRel|x64.ActiveCfg = MinSizeRel|x64
		{4B89B18A-6741-37C4-92A1-AF7F9401FD0C}.MinSizeRel|x64.Build.0 = MinSizeRel|x64
		{4B89B18A-6741-37C4-92A1-AF7F9401FD0C}.RelWithDebInfo|x64.ActiveCfg = RelWithDebInfo|x64
		{4B89B18A-6741-37C4-92A1-AF7F9401FD0C}.RelWithDebInfo|x64.Build.0 = RelWithDebInfo|x64
		{BB2B4390-0E29-3B77-BB14-9AF180B48676}.Debug|x64.ActiveCfg = Debug|x64
		{BB2B4390-0E29-3B77-BB14-9AF180B48676}.Debug|x64.Build.0 = Debug|x64
		{BB2B4390-0E29-3B77-BB14-9AF180B48676}.Release|x64.ActiveCfg = Release|x64
		{BB2B4390-0E29-3B77-BB14-9AF180B48676}.Release|x64.Build.0 = Release|x64
		{BB2B4390-0E29-3B77-BB14-9AF180B48676}.MinSizeRel|x64.ActiveCfg = MinSizeRel|x64
		{BB2B4390-0E29-3B77-BB14-9AF180B48676}.MinSizeRel|x64.Build.0 = MinSizeRel|x64
		{BB2B4390-0E29-3B77-BB14-9AF180B48676}.RelWithDebInfo|x64.ActiveCfg = RelWithDebInfo|x64
		{BB2B4390-0E29-3B77-BB14-9AF180B48676}.RelWithDebInfo|x64.Build.0 = RelWithDebInfo|x64
		{1B4A6945-91A1-3A5F-802D-5DA6337B8929}.Debug|x64.ActiveCfg = Debug|x64
		{1B4A6945-91A1-3A5F-802D-5DA6337B8929}.Debug|x64.Build.0 = Debug|x64
		{1B4A6945-91A1-3A5F-802D-5DA6337B8929}.Release|x64.ActiveCfg = Release|x64
		{1B4A6945-91A1-3A5F-802D-5DA6337B8929}.Release|x64.Build.0 = Release|x64
		{1B4A6945-91A1-3A5F-802D-5DA6337B8929}.MinSizeRel|x64.ActiveCfg = MinSizeRel|x64
		{1B4A6945-91A1-3A5F-802D-5DA6337B8929}.MinSizeRel|x64.Build.0 = MinSizeRel|x64
		{1B4A6945-91A1-3A5F-802D-5DA6337B8929}.RelWithDebInfo|x64.ActiveCfg = RelWithDebInfo|x64
		{1B4A6945-91A1-3A5F-802D-5DA6337B8929}.RelWithDebInfo|x64.Build.0 = RelWithDebInfo|x64
		{2A7901C9-62A6-3F85-9C72-3A8DD9DD8A8D}.Debug|x64.ActiveCfg = Debug|x64
		{2A7901C9-62A6-3F85-9C72-3A8DD9DD8A8D}.Debug|x64.Build.0 = Debug|x64
		{2A7901C9-62A6-3F85-9C72-3A8DD9DD8A8D}.Release|x64.ActiveCfg = Release|x64
		{2A7901C9-62A6-3F85-9C72-3A8DD9DD8A8D}.Release|x64.Build.0 = Release|x64
		{2A7901C9-62A6-3F85-9C72-3A8DD9DD8A8D}.MinSizeRel|x64.ActiveCfg = MinSizeRel|x64
		{2A7901C9-62A6-3F85-9C72-3A8DD9DD8A8D}.MinSizeRel|x64.Build.0 = MinSizeRel|x64
		{2A7901C9-62A6-3F85-9C72-3A8DD9DD8A8D}.RelWithDebInfo|x64.ActiveCfg = RelWithDebInfo|x64
		{2A7901C9-62A6-3F85-9C72-3A8DD9DD8A8D}.RelWithDebInfo|x64.Build.0 = RelWithDebInfo|x64
		{CF2A6A91-016B-3E03-8079-CCB3A52D3FBD}.Debug|x64.ActiveCfg = Debug|x64
		{CF2A6A91-016B-3E03-8079-CCB3A52D3FBD}.Debug|x64.Build.0 = Debug|x64
		{CF2A6A91-016B-3E03-8079-CCB3A52D3FBD}.Release|x64.ActiveCfg = Release|x64
		{CF2A6A91-016B-3E03-8079-CCB3A52D3FBD}.Release|x64.Build.0 = Release|x64
		{CF2A6A91-016B-3E03-8079-CCB3A52D3FBD}.MinSizeRel|x64.ActiveCfg = MinSizeRel|x64
		{CF2A6A91-016B-3E03-8079-CCB3A52D3FBD}.MinSizeRel|x64.Build.0 = MinSizeRel|x64
		{CF2A6A91-016B-3E03-8079-CCB3A52D3FBD}.RelWithDebInfo|x64.ActiveCfg = RelWithDebInfo|x64
		{CF2A6A91-016B-3E03-8079-CCB3A52D3FBD}.RelWithDebInfo|x64.Build.0 = RelWithDebInfo|x64
		{33413466-236C-3960-A04D-6B7F7390E290}.Debug|x64.ActiveCfg = Debug|x64
		{33413466-236C-3960-A04D-6B7F7390E290}.Debug|x64.Build.0 = Debug|x64
		{33413466-236C-3960-A04D-6B7F7390E290}.Release|x64.ActiveCfg = Release|x64
		{33413466-236C-3960-A04D-6B7F7390E290}.Release|x64.Build.0 = Release|x64
		{33413466-236C-3960-A04D-6B7F7390E290}.MinSizeRel|x64.ActiveCfg = MinSizeRel|x64
		{33413466-236C-3960-A04D-6B7F7390E290}.MinSizeRel|x64.Build.0 = MinSizeRel|x64
		{33413466-236C-3960-A04D-6B7F7390E290}.RelWithDebInfo|x64.ActiveCfg = RelWithDebInfo|x64
		{33413466-236C-3960-A04D-6B7F7390E290}.RelWithDebInfo|x64.Build.0 = RelWithDebInfo|x64
	EndGlobalSection
	GlobalSection(NestedProjects) = preSolution
		{F61B88DC-3753-386D-A9A7-DBBD3D6C704A} = {DC6AE924-601E-3898-A691-CCC063C173F8}
		{CDA24073-8E8E-3462-8E42-17B8732AED30} = {DC6AE924-601E-3898-A691-CCC063C173F8}
		{056493BE-EE14-3A5E-A9CB-F9AFA9FC1B7C} = {DC6AE924-601E-3898-A691-CCC063C173F8}
		{4B89B18A-6741-37C4-92A1-AF7F9401FD0C} = {F6A0F62F-13F5-384D-AB54-00C56F7F3996}
		{BB2B4390-0E29-3B77-BB14-9AF180B48676} = {F6A0F62F-13F5-384D-AB54-00C56F7F3996}
		{1B4A6945-91A1-3A5F-802D-5DA6337B8929} = {F6A0F62F-13F5-384D-AB54-00C56F7F3996}
		{2A7901C9-62A6-3F85-9C72-3A8DD9DD8A8D} = {F6A0F62F-13F5-384D-AB54-00C56F7F3996}
		{CF2A6A91-016B-3E03-8079-CCB3A52D3FBD} = {F6A0F62F-13F5-384D-AB54-00C56F7F3996}
		{33413466-236C-3960-A04D-6B7F7390E290} = {F6A0F62F-13F5-384D-AB54-00C56F7F3996}
	EndGlobalSection
	GlobalSection(ExtensibilityGlobals) = postSolution
		SolutionGuid = {B48D1CE5-8A5C-38E0-8713-D497204B5893}
	EndGlobalSection
	GlobalSection(ExtensibilityAddIns) = postSolution
	EndGlobalSection
EndGlobal
